// !$*UTF8*$!
{
	archiveVersion = 1;
	classes = {
	};
	objectVersion = 46;
	objects = {

/* Begin PBXBuildFile section */
		083D85431E87C2AE00F87141 /* p131.jpg in Resources */ = {isa = PBXBuildFile; fileRef = 083D84EC1E87C2AD00F87141 /* p131.jpg */; };
		083D85441E87C2AE00F87141 /* p1310.jpg in Resources */ = {isa = PBXBuildFile; fileRef = 083D84ED1E87C2AD00F87141 /* p1310.jpg */; };
		083D85451E87C2AE00F87141 /* p132.jpg in Resources */ = {isa = PBXBuildFile; fileRef = 083D84EE1E87C2AD00F87141 /* p132.jpg */; };
		083D85461E87C2AE00F87141 /* p133.jpg in Resources */ = {isa = PBXBuildFile; fileRef = 083D84EF1E87C2AD00F87141 /* p133.jpg */; };
		083D85471E87C2AE00F87141 /* p134.jpg in Resources */ = {isa = PBXBuildFile; fileRef = 083D84F01E87C2AD00F87141 /* p134.jpg */; };
		083D85481E87C2AE00F87141 /* p135.jpg in Resources */ = {isa = PBXBuildFile; fileRef = 083D84F11E87C2AD00F87141 /* p135.jpg */; };
		083D85491E87C2AE00F87141 /* p136.jpg in Resources */ = {isa = PBXBuildFile; fileRef = 083D84F21E87C2AD00F87141 /* p136.jpg */; };
		083D854A1E87C2AE00F87141 /* p137.jpg in Resources */ = {isa = PBXBuildFile; fileRef = 083D84F31E87C2AD00F87141 /* p137.jpg */; };
		083D854B1E87C2AE00F87141 /* p138.jpg in Resources */ = {isa = PBXBuildFile; fileRef = 083D84F41E87C2AD00F87141 /* p138.jpg */; };
		083D854C1E87C2AE00F87141 /* p139.jpg in Resources */ = {isa = PBXBuildFile; fileRef = 083D84F51E87C2AD00F87141 /* p139.jpg */; };
		083D854D1E87C2AE00F87141 /* p141.jpg in Resources */ = {isa = PBXBuildFile; fileRef = 083D84F71E87C2AD00F87141 /* p141.jpg */; };
		083D854E1E87C2AE00F87141 /* p1410.jpg in Resources */ = {isa = PBXBuildFile; fileRef = 083D84F81E87C2AD00F87141 /* p1410.jpg */; };
		083D854F1E87C2AE00F87141 /* p142.jpg in Resources */ = {isa = PBXBuildFile; fileRef = 083D84F91E87C2AD00F87141 /* p142.jpg */; };
		083D85501E87C2AE00F87141 /* p143.jpg in Resources */ = {isa = PBXBuildFile; fileRef = 083D84FA1E87C2AD00F87141 /* p143.jpg */; };
		083D85511E87C2AE00F87141 /* p144.jpg in Resources */ = {isa = PBXBuildFile; fileRef = 083D84FB1E87C2AD00F87141 /* p144.jpg */; };
		083D85521E87C2AE00F87141 /* p145.jpg in Resources */ = {isa = PBXBuildFile; fileRef = 083D84FC1E87C2AD00F87141 /* p145.jpg */; };
		083D85531E87C2AE00F87141 /* p146.jpg in Resources */ = {isa = PBXBuildFile; fileRef = 083D84FD1E87C2AD00F87141 /* p146.jpg */; };
		083D85541E87C2AE00F87141 /* p147.jpg in Resources */ = {isa = PBXBuildFile; fileRef = 083D84FE1E87C2AD00F87141 /* p147.jpg */; };
		083D85551E87C2AE00F87141 /* p148.jpg in Resources */ = {isa = PBXBuildFile; fileRef = 083D84FF1E87C2AD00F87141 /* p148.jpg */; };
		083D85561E87C2AE00F87141 /* p149.jpg in Resources */ = {isa = PBXBuildFile; fileRef = 083D85001E87C2AD00F87141 /* p149.jpg */; };
		083D85571E87C2AE00F87141 /* p151.jpg in Resources */ = {isa = PBXBuildFile; fileRef = 083D85021E87C2AD00F87141 /* p151.jpg */; };
		083D85581E87C2AE00F87141 /* p1510.jpg in Resources */ = {isa = PBXBuildFile; fileRef = 083D85031E87C2AD00F87141 /* p1510.jpg */; };
		083D85591E87C2AE00F87141 /* p152.jpg in Resources */ = {isa = PBXBuildFile; fileRef = 083D85041E87C2AD00F87141 /* p152.jpg */; };
		083D855A1E87C2AE00F87141 /* p153.jpg in Resources */ = {isa = PBXBuildFile; fileRef = 083D85051E87C2AD00F87141 /* p153.jpg */; };
		083D855B1E87C2AE00F87141 /* p154.jpg in Resources */ = {isa = PBXBuildFile; fileRef = 083D85061E87C2AD00F87141 /* p154.jpg */; };
		083D855C1E87C2AE00F87141 /* p155.jpg in Resources */ = {isa = PBXBuildFile; fileRef = 083D85071E87C2AD00F87141 /* p155.jpg */; };
		083D855D1E87C2AE00F87141 /* p156.jpg in Resources */ = {isa = PBXBuildFile; fileRef = 083D85081E87C2AD00F87141 /* p156.jpg */; };
		083D855E1E87C2AE00F87141 /* p157.jpg in Resources */ = {isa = PBXBuildFile; fileRef = 083D85091E87C2AD00F87141 /* p157.jpg */; };
		083D855F1E87C2AE00F87141 /* p158.jpg in Resources */ = {isa = PBXBuildFile; fileRef = 083D850A1E87C2AD00F87141 /* p158.jpg */; };
		083D85601E87C2AE00F87141 /* p159.jpg in Resources */ = {isa = PBXBuildFile; fileRef = 083D850B1E87C2AD00F87141 /* p159.jpg */; };
		083D85611E87C2AE00F87141 /* p161.jpg in Resources */ = {isa = PBXBuildFile; fileRef = 083D850D1E87C2AD00F87141 /* p161.jpg */; };
		083D85621E87C2AE00F87141 /* p1610.jpg in Resources */ = {isa = PBXBuildFile; fileRef = 083D850E1E87C2AD00F87141 /* p1610.jpg */; };
		083D85631E87C2AE00F87141 /* p162.jpg in Resources */ = {isa = PBXBuildFile; fileRef = 083D850F1E87C2AD00F87141 /* p162.jpg */; };
		083D85641E87C2AE00F87141 /* p163.jpg in Resources */ = {isa = PBXBuildFile; fileRef = 083D85101E87C2AD00F87141 /* p163.jpg */; };
		083D85651E87C2AE00F87141 /* p164.jpg in Resources */ = {isa = PBXBuildFile; fileRef = 083D85111E87C2AD00F87141 /* p164.jpg */; };
		083D85661E87C2AE00F87141 /* p165.jpg in Resources */ = {isa = PBXBuildFile; fileRef = 083D85121E87C2AD00F87141 /* p165.jpg */; };
		083D85671E87C2AE00F87141 /* p166.jpg in Resources */ = {isa = PBXBuildFile; fileRef = 083D85131E87C2AD00F87141 /* p166.jpg */; };
		083D85681E87C2AE00F87141 /* p167.jpg in Resources */ = {isa = PBXBuildFile; fileRef = 083D85141E87C2AD00F87141 /* p167.jpg */; };
		083D85691E87C2AE00F87141 /* p168.jpg in Resources */ = {isa = PBXBuildFile; fileRef = 083D85151E87C2AD00F87141 /* p168.jpg */; };
		083D856A1E87C2AE00F87141 /* p169.jpg in Resources */ = {isa = PBXBuildFile; fileRef = 083D85161E87C2AD00F87141 /* p169.jpg */; };
		083D856B1E87C2AE00F87141 /* p171.jpg in Resources */ = {isa = PBXBuildFile; fileRef = 083D85181E87C2AD00F87141 /* p171.jpg */; };
		083D856C1E87C2AE00F87141 /* p1710.jpg in Resources */ = {isa = PBXBuildFile; fileRef = 083D85191E87C2AD00F87141 /* p1710.jpg */; };
		083D856D1E87C2AE00F87141 /* p172.jpg in Resources */ = {isa = PBXBuildFile; fileRef = 083D851A1E87C2AD00F87141 /* p172.jpg */; };
		083D856E1E87C2AE00F87141 /* p173.jpg in Resources */ = {isa = PBXBuildFile; fileRef = 083D851B1E87C2AD00F87141 /* p173.jpg */; };
		083D856F1E87C2AE00F87141 /* p174.jpg in Resources */ = {isa = PBXBuildFile; fileRef = 083D851C1E87C2AD00F87141 /* p174.jpg */; };
		083D85701E87C2AE00F87141 /* p175.jpg in Resources */ = {isa = PBXBuildFile; fileRef = 083D851D1E87C2AD00F87141 /* p175.jpg */; };
		083D85711E87C2AE00F87141 /* p176.jpg in Resources */ = {isa = PBXBuildFile; fileRef = 083D851E1E87C2AD00F87141 /* p176.jpg */; };
		083D85721E87C2AE00F87141 /* p177.jpg in Resources */ = {isa = PBXBuildFile; fileRef = 083D851F1E87C2AD00F87141 /* p177.jpg */; };
		083D85731E87C2AE00F87141 /* p178.jpg in Resources */ = {isa = PBXBuildFile; fileRef = 083D85201E87C2AD00F87141 /* p178.jpg */; };
		083D85741E87C2AE00F87141 /* p179.jpg in Resources */ = {isa = PBXBuildFile; fileRef = 083D85211E87C2AD00F87141 /* p179.jpg */; };
		083D85751E87C2AE00F87141 /* p181.jpg in Resources */ = {isa = PBXBuildFile; fileRef = 083D85231E87C2AD00F87141 /* p181.jpg */; };
		083D85761E87C2AE00F87141 /* p1810.jpg in Resources */ = {isa = PBXBuildFile; fileRef = 083D85241E87C2AD00F87141 /* p1810.jpg */; };
		083D85771E87C2AE00F87141 /* p182.jpg in Resources */ = {isa = PBXBuildFile; fileRef = 083D85251E87C2AD00F87141 /* p182.jpg */; };
		083D85781E87C2AE00F87141 /* p183.jpg in Resources */ = {isa = PBXBuildFile; fileRef = 083D85261E87C2AD00F87141 /* p183.jpg */; };
		083D85791E87C2AE00F87141 /* p184.jpg in Resources */ = {isa = PBXBuildFile; fileRef = 083D85271E87C2AD00F87141 /* p184.jpg */; };
		083D857A1E87C2AE00F87141 /* p185.jpg in Resources */ = {isa = PBXBuildFile; fileRef = 083D85281E87C2AD00F87141 /* p185.jpg */; };
		083D857B1E87C2AE00F87141 /* p186.jpg in Resources */ = {isa = PBXBuildFile; fileRef = 083D85291E87C2AD00F87141 /* p186.jpg */; };
		083D857C1E87C2AE00F87141 /* p187.jpg in Resources */ = {isa = PBXBuildFile; fileRef = 083D852A1E87C2AD00F87141 /* p187.jpg */; };
		083D857D1E87C2AE00F87141 /* p188.jpg in Resources */ = {isa = PBXBuildFile; fileRef = 083D852B1E87C2AD00F87141 /* p188.jpg */; };
		083D857E1E87C2AE00F87141 /* p189.jpg in Resources */ = {isa = PBXBuildFile; fileRef = 083D852C1E87C2AD00F87141 /* p189.jpg */; };
		083D857F1E87C2AE00F87141 /* p191.jpg in Resources */ = {isa = PBXBuildFile; fileRef = 083D852E1E87C2AD00F87141 /* p191.jpg */; };
		083D85801E87C2AE00F87141 /* p1910.jpg in Resources */ = {isa = PBXBuildFile; fileRef = 083D852F1E87C2AD00F87141 /* p1910.jpg */; };
		083D85811E87C2AE00F87141 /* p192.jpg in Resources */ = {isa = PBXBuildFile; fileRef = 083D85301E87C2AD00F87141 /* p192.jpg */; };
		083D85821E87C2AE00F87141 /* p193.jpg in Resources */ = {isa = PBXBuildFile; fileRef = 083D85311E87C2AD00F87141 /* p193.jpg */; };
		083D85831E87C2AE00F87141 /* p194.jpg in Resources */ = {isa = PBXBuildFile; fileRef = 083D85321E87C2AD00F87141 /* p194.jpg */; };
		083D85841E87C2AE00F87141 /* p195.jpg in Resources */ = {isa = PBXBuildFile; fileRef = 083D85331E87C2AD00F87141 /* p195.jpg */; };
		083D85851E87C2AE00F87141 /* p196.jpg in Resources */ = {isa = PBXBuildFile; fileRef = 083D85341E87C2AD00F87141 /* p196.jpg */; };
		083D85861E87C2AE00F87141 /* p197.jpg in Resources */ = {isa = PBXBuildFile; fileRef = 083D85351E87C2AD00F87141 /* p197.jpg */; };
		083D85871E87C2AE00F87141 /* p198.jpg in Resources */ = {isa = PBXBuildFile; fileRef = 083D85361E87C2AD00F87141 /* p198.jpg */; };
		083D85881E87C2AE00F87141 /* p199.jpg in Resources */ = {isa = PBXBuildFile; fileRef = 083D85371E87C2AD00F87141 /* p199.jpg */; };
		083D85891E87C2AE00F87141 /* p1101.jpg in Resources */ = {isa = PBXBuildFile; fileRef = 083D85391E87C2AE00F87141 /* p1101.jpg */; };
		083D858A1E87C2AE00F87141 /* p11010.jpg in Resources */ = {isa = PBXBuildFile; fileRef = 083D853A1E87C2AE00F87141 /* p11010.jpg */; };
		083D858B1E87C2AE00F87141 /* p1102.jpg in Resources */ = {isa = PBXBuildFile; fileRef = 083D853B1E87C2AE00F87141 /* p1102.jpg */; };
		083D858C1E87C2AE00F87141 /* p1103.jpg in Resources */ = {isa = PBXBuildFile; fileRef = 083D853C1E87C2AE00F87141 /* p1103.jpg */; };
		083D858D1E87C2AE00F87141 /* p1104.jpg in Resources */ = {isa = PBXBuildFile; fileRef = 083D853D1E87C2AE00F87141 /* p1104.jpg */; };
		083D858E1E87C2AE00F87141 /* p1105.jpg in Resources */ = {isa = PBXBuildFile; fileRef = 083D853E1E87C2AE00F87141 /* p1105.jpg */; };
		083D858F1E87C2AE00F87141 /* p1106.jpg in Resources */ = {isa = PBXBuildFile; fileRef = 083D853F1E87C2AE00F87141 /* p1106.jpg */; };
		083D85901E87C2AE00F87141 /* p1107.jpg in Resources */ = {isa = PBXBuildFile; fileRef = 083D85401E87C2AE00F87141 /* p1107.jpg */; };
		083D85911E87C2AE00F87141 /* p1108.jpg in Resources */ = {isa = PBXBuildFile; fileRef = 083D85411E87C2AE00F87141 /* p1108.jpg */; };
		083D85921E87C2AE00F87141 /* p1109.jpg in Resources */ = {isa = PBXBuildFile; fileRef = 083D85421E87C2AE00F87141 /* p1109.jpg */; };
		0846663A1E868F5900EB39E0 /* TLPart5LearningController.m in Sources */ = {isa = PBXBuildFile; fileRef = 084666391E868F5900EB39E0 /* TLPart5LearningController.m */; };
		08A4C6891E9654B3007081F8 /* icon1024x1024.png in Resources */ = {isa = PBXBuildFile; fileRef = 08A4C6881E9654B3007081F8 /* icon1024x1024.png */; };
		08A4C68B1E966537007081F8 /* script1.rtf in Resources */ = {isa = PBXBuildFile; fileRef = 08A4C68A1E966537007081F8 /* script1.rtf */; };
		08A4C68D1E966603007081F8 /* script2.rtf in Resources */ = {isa = PBXBuildFile; fileRef = 08A4C68C1E966603007081F8 /* script2.rtf */; };
		08A4C6901E96665F007081F8 /* script3.rtf in Resources */ = {isa = PBXBuildFile; fileRef = 08A4C68E1E96665F007081F8 /* script3.rtf */; };
		08A4C6911E96665F007081F8 /* script4.rtf in Resources */ = {isa = PBXBuildFile; fileRef = 08A4C68F1E96665F007081F8 /* script4.rtf */; };
		08A4C6941E969252007081F8 /* TLPart7LearningController.m in Sources */ = {isa = PBXBuildFile; fileRef = 08A4C6931E969252007081F8 /* TLPart7LearningController.m */; };
		BF3339561E837F6B00443437 /* TLPart2LearningController.m in Sources */ = {isa = PBXBuildFile; fileRef = BF3339551E837F6B00443437 /* TLPart2LearningController.m */; };
		BF33395D1E83872E00443437 /* part2.png in Resources */ = {isa = PBXBuildFile; fileRef = BF3339571E83872E00443437 /* part2.png */; };
		BF33395E1E83872E00443437 /* part3.png in Resources */ = {isa = PBXBuildFile; fileRef = BF3339581E83872E00443437 /* part3.png */; };
		BF33395F1E83872E00443437 /* part4.png in Resources */ = {isa = PBXBuildFile; fileRef = BF3339591E83872E00443437 /* part4.png */; };
		BF3339601E83872E00443437 /* part5.png in Resources */ = {isa = PBXBuildFile; fileRef = BF33395A1E83872E00443437 /* part5.png */; };
		BF3339611E83872E00443437 /* part6.png in Resources */ = {isa = PBXBuildFile; fileRef = BF33395B1E83872E00443437 /* part6.png */; };
		BF3339621E83872E00443437 /* part7.png in Resources */ = {isa = PBXBuildFile; fileRef = BF33395C1E83872E00443437 /* part7.png */; };
		BF3339651E838C8B00443437 /* TLQnRViewController.m in Sources */ = {isa = PBXBuildFile; fileRef = BF3339641E838C8B00443437 /* TLQnRViewController.m */; };
		BF3339671E838CAD00443437 /* TLQnRViewController.xib in Resources */ = {isa = PBXBuildFile; fileRef = BF3339661E838CAD00443437 /* TLQnRViewController.xib */; };
		BF3B04C61E7C0AAB0021F76B /* LaunchScreen.storyboard in Resources */ = {isa = PBXBuildFile; fileRef = BF3B04C51E7C0AAB0021F76B /* LaunchScreen.storyboard */; };
		BF5C77211E83AA4800499CD5 /* TLBaseViewController.m in Sources */ = {isa = PBXBuildFile; fileRef = BF5C77201E83AA4800499CD5 /* TLBaseViewController.m */; };
		BF5C773B1E83BF9F00499CD5 /* FCAlertView.m in Sources */ = {isa = PBXBuildFile; fileRef = BF5C773A1E83BF9F00499CD5 /* FCAlertView.m */; };
		BF5C773E1E83C17F00499CD5 /* checkmark-round.png in Resources */ = {isa = PBXBuildFile; fileRef = BF5C773C1E83C17F00499CD5 /* checkmark-round.png */; };
		BF5C773F1E83C17F00499CD5 /* close-round.png in Resources */ = {isa = PBXBuildFile; fileRef = BF5C773D1E83C17F00499CD5 /* close-round.png */; };
		BF5C77431E83C20300499CD5 /* alert-round.png in Resources */ = {isa = PBXBuildFile; fileRef = BF5C77401E83C20300499CD5 /* alert-round.png */; };
		BF5C77441E83C20300499CD5 /* heart.png in Resources */ = {isa = PBXBuildFile; fileRef = BF5C77411E83C20300499CD5 /* heart.png */; };
		BF5C77451E83C20300499CD5 /* star.png in Resources */ = {isa = PBXBuildFile; fileRef = BF5C77421E83C20300499CD5 /* star.png */; };
		BF6BAAF71E7AAD0400ED0B7B /* PlayerBarButton.m in Sources */ = {isa = PBXBuildFile; fileRef = BF6BAAF41E7AAD0400ED0B7B /* PlayerBarButton.m */; };
		BF6BAAF81E7AAD0400ED0B7B /* PlayerBarView.m in Sources */ = {isa = PBXBuildFile; fileRef = BF6BAAF61E7AAD0400ED0B7B /* PlayerBarView.m */; };
		BF6BAAFB1E7AADBC00ED0B7B /* pause.png in Resources */ = {isa = PBXBuildFile; fileRef = BF6BAAF91E7AADBC00ED0B7B /* pause.png */; };
		BF6BAAFC1E7AADBC00ED0B7B /* play.png in Resources */ = {isa = PBXBuildFile; fileRef = BF6BAAFA1E7AADBC00ED0B7B /* play.png */; };
		BF6BAAFE1E7AB0CA00ED0B7B /* script.png in Resources */ = {isa = PBXBuildFile; fileRef = BF6BAAFD1E7AB0CA00ED0B7B /* script.png */; };
		BF6BAB011E7AB1FE00ED0B7B /* Reachability.m in Sources */ = {isa = PBXBuildFile; fileRef = BF6BAB001E7AB1FE00ED0B7B /* Reachability.m */; };
		BF6F84AB1E78DC9A00498E81 /* TLPhotoViewController.xib in Resources */ = {isa = PBXBuildFile; fileRef = BF6F84AA1E78DC9A00498E81 /* TLPhotoViewController.xib */; };
		BF6F84AE1E78DCA900498E81 /* TLPhotoViewController.m in Sources */ = {isa = PBXBuildFile; fileRef = BF6F84AD1E78DCA900498E81 /* TLPhotoViewController.m */; };
		BF6F84B11E78DE8500498E81 /* TLPart1LearningController.m in Sources */ = {isa = PBXBuildFile; fileRef = BF6F84B01E78DE8500498E81 /* TLPart1LearningController.m */; };
		BF6F84B61E78EB1300498E81 /* part1.png in Resources */ = {isa = PBXBuildFile; fileRef = BF6F84B51E78EB1300498E81 /* part1.png */; };
		BF6F84E01E79281E00498E81 /* p111.jpg in Resources */ = {isa = PBXBuildFile; fileRef = BF6F84CB1E79281E00498E81 /* p111.jpg */; };
		BF6F84E11E79281E00498E81 /* p1110.jpg in Resources */ = {isa = PBXBuildFile; fileRef = BF6F84CC1E79281E00498E81 /* p1110.jpg */; };
		BF6F84E21E79281E00498E81 /* p112.jpg in Resources */ = {isa = PBXBuildFile; fileRef = BF6F84CD1E79281E00498E81 /* p112.jpg */; };
		BF6F84E31E79281E00498E81 /* p113.jpg in Resources */ = {isa = PBXBuildFile; fileRef = BF6F84CE1E79281E00498E81 /* p113.jpg */; };
		BF6F84E41E79281E00498E81 /* p114.jpg in Resources */ = {isa = PBXBuildFile; fileRef = BF6F84CF1E79281E00498E81 /* p114.jpg */; };
		BF6F84E51E79281E00498E81 /* p115.jpg in Resources */ = {isa = PBXBuildFile; fileRef = BF6F84D01E79281E00498E81 /* p115.jpg */; };
		BF6F84E61E79281E00498E81 /* p116.jpg in Resources */ = {isa = PBXBuildFile; fileRef = BF6F84D11E79281E00498E81 /* p116.jpg */; };
		BF6F84E71E79281E00498E81 /* p117.jpg in Resources */ = {isa = PBXBuildFile; fileRef = BF6F84D21E79281E00498E81 /* p117.jpg */; };
		BF6F84E81E79281E00498E81 /* p118.jpg in Resources */ = {isa = PBXBuildFile; fileRef = BF6F84D31E79281E00498E81 /* p118.jpg */; };
		BF6F84E91E79281E00498E81 /* p119.jpg in Resources */ = {isa = PBXBuildFile; fileRef = BF6F84D41E79281E00498E81 /* p119.jpg */; };
		BF6F84EA1E79281E00498E81 /* p121.jpg in Resources */ = {isa = PBXBuildFile; fileRef = BF6F84D61E79281E00498E81 /* p121.jpg */; };
		BF6F84EB1E79281E00498E81 /* p1210.jpg in Resources */ = {isa = PBXBuildFile; fileRef = BF6F84D71E79281E00498E81 /* p1210.jpg */; };
		BF6F84EC1E79281E00498E81 /* p122.jpg in Resources */ = {isa = PBXBuildFile; fileRef = BF6F84D81E79281E00498E81 /* p122.jpg */; };
		BF6F84ED1E79281E00498E81 /* p123.jpg in Resources */ = {isa = PBXBuildFile; fileRef = BF6F84D91E79281E00498E81 /* p123.jpg */; };
		BF6F84EE1E79281E00498E81 /* p124.jpg in Resources */ = {isa = PBXBuildFile; fileRef = BF6F84DA1E79281E00498E81 /* p124.jpg */; };
		BF6F84EF1E79281E00498E81 /* p125.jpg in Resources */ = {isa = PBXBuildFile; fileRef = BF6F84DB1E79281E00498E81 /* p125.jpg */; };
		BF6F84F01E79281E00498E81 /* p126.jpg in Resources */ = {isa = PBXBuildFile; fileRef = BF6F84DC1E79281E00498E81 /* p126.jpg */; };
		BF6F84F11E79281E00498E81 /* p127.jpg in Resources */ = {isa = PBXBuildFile; fileRef = BF6F84DD1E79281E00498E81 /* p127.jpg */; };
		BF6F84F21E79281E00498E81 /* p128.jpg in Resources */ = {isa = PBXBuildFile; fileRef = BF6F84DE1E79281E00498E81 /* p128.jpg */; };
		BF6F84F31E79281E00498E81 /* p129.jpg in Resources */ = {isa = PBXBuildFile; fileRef = BF6F84DF1E79281E00498E81 /* p129.jpg */; };
		BF7B0E0D1E768A5C00A19876 /* main.m in Sources */ = {isa = PBXBuildFile; fileRef = BF7B0E0C1E768A5C00A19876 /* main.m */; };
		BF7B0E101E768A5C00A19876 /* AppDelegate.m in Sources */ = {isa = PBXBuildFile; fileRef = BF7B0E0F1E768A5C00A19876 /* AppDelegate.m */; };
		BF7B0E131E768A5C00A19876 /* ViewController.m in Sources */ = {isa = PBXBuildFile; fileRef = BF7B0E121E768A5C00A19876 /* ViewController.m */; };
		BF7B0E161E768A5C00A19876 /* Main.storyboard in Resources */ = {isa = PBXBuildFile; fileRef = BF7B0E141E768A5C00A19876 /* Main.storyboard */; };
		BF7B0E181E768A5C00A19876 /* Assets.xcassets in Resources */ = {isa = PBXBuildFile; fileRef = BF7B0E171E768A5C00A19876 /* Assets.xcassets */; };
		BF7B0E311E768ACA00A19876 /* Part1ViewController.m in Sources */ = {isa = PBXBuildFile; fileRef = BF7B0E241E768ACA00A19876 /* Part1ViewController.m */; };
		BF7B0E321E768ACA00A19876 /* Part2ViewController.m in Sources */ = {isa = PBXBuildFile; fileRef = BF7B0E261E768ACA00A19876 /* Part2ViewController.m */; };
		BF7B0E331E768ACA00A19876 /* Part3ViewController.m in Sources */ = {isa = PBXBuildFile; fileRef = BF7B0E281E768ACA00A19876 /* Part3ViewController.m */; };
		BF7B0E341E768ACA00A19876 /* SidebarViewController.m in Sources */ = {isa = PBXBuildFile; fileRef = BF7B0E2A1E768ACA00A19876 /* SidebarViewController.m */; };
		BF7B0E351E768ACA00A19876 /* SWRevealViewController.m in Sources */ = {isa = PBXBuildFile; fileRef = BF7B0E2D1E768ACA00A19876 /* SWRevealViewController.m */; };
		BF7B0E361E768ACA00A19876 /* menu.png in Resources */ = {isa = PBXBuildFile; fileRef = BF7B0E2F1E768ACA00A19876 /* menu.png */; };
		BF7B0E371E768ACA00A19876 /* menu@2x.png in Resources */ = {isa = PBXBuildFile; fileRef = BF7B0E301E768ACA00A19876 /* menu@2x.png */; };
		BFC56F081E77E8900051E14A /* TLTableViewCell.m in Sources */ = {isa = PBXBuildFile; fileRef = BFC56EF61E77E8900051E14A /* TLTableViewCell.m */; };
		BFC56F091E77E8900051E14A /* TLTableViewCell.xib in Resources */ = {isa = PBXBuildFile; fileRef = BFC56EF71E77E8900051E14A /* TLTableViewCell.xib */; };
		BFC56F101E77E8900051E14A /* TLButton.m in Sources */ = {isa = PBXBuildFile; fileRef = BFC56F051E77E8900051E14A /* TLButton.m */; };
		BFC56F201E77EB700051E14A /* Appirater.m in Sources */ = {isa = PBXBuildFile; fileRef = BFC56F1D1E77EB700051E14A /* Appirater.m */; };
		BFC56F211E77EB700051E14A /* AppiraterLocalizable.strings in Resources */ = {isa = PBXBuildFile; fileRef = BFC56F1F1E77EB700051E14A /* AppiraterLocalizable.strings */; };
		BFC56F251E77EF6D0051E14A /* part1metadata.plist in Resources */ = {isa = PBXBuildFile; fileRef = BFC56F241E77EF6D0051E14A /* part1metadata.plist */; };
		BFC56F271E77EF7E0051E14A /* part2metadata.plist in Resources */ = {isa = PBXBuildFile; fileRef = BFC56F261E77EF7E0051E14A /* part2metadata.plist */; };
		BFC56F291E77EF8D0051E14A /* part3metadata.plist in Resources */ = {isa = PBXBuildFile; fileRef = BFC56F281E77EF8D0051E14A /* part3metadata.plist */; };
		BFC56F2B1E77EF970051E14A /* part4metadata.plist in Resources */ = {isa = PBXBuildFile; fileRef = BFC56F2A1E77EF970051E14A /* part4metadata.plist */; };
		BFC56F2D1E77EFA10051E14A /* part5metadata.plist in Resources */ = {isa = PBXBuildFile; fileRef = BFC56F2C1E77EFA10051E14A /* part5metadata.plist */; };
		BFC56F2F1E77F89A0051E14A /* part6metadata.plist in Resources */ = {isa = PBXBuildFile; fileRef = BFC56F2E1E77F89A0051E14A /* part6metadata.plist */; };
		BFC56F311E77F8A50051E14A /* part7metadata.plist in Resources */ = {isa = PBXBuildFile; fileRef = BFC56F301E77F8A50051E14A /* part7metadata.plist */; };
		BFE5C4991E85200B00F20EA6 /* TLQuestionTableViewCell.m in Sources */ = {isa = PBXBuildFile; fileRef = BFE5C4971E85200B00F20EA6 /* TLQuestionTableViewCell.m */; };
		BFE5C49A1E85200B00F20EA6 /* TLQuestionTableViewCell.xib in Resources */ = {isa = PBXBuildFile; fileRef = BFE5C4981E85200B00F20EA6 /* TLQuestionTableViewCell.xib */; };
		BFE5C49D1E85204C00F20EA6 /* TLTableViewCellBase.m in Sources */ = {isa = PBXBuildFile; fileRef = BFE5C49C1E85204C00F20EA6 /* TLTableViewCellBase.m */; };
		BFE5C4A01E852BAA00F20EA6 /* TLPart3LearningViewController.m in Sources */ = {isa = PBXBuildFile; fileRef = BFE5C49F1E852BAA00F20EA6 /* TLPart3LearningViewController.m */; };
		BFED97FC1E76A6A8002233E8 /* Part4ViewController.m in Sources */ = {isa = PBXBuildFile; fileRef = BFED97FB1E76A6A8002233E8 /* Part4ViewController.m */; };
		BFED97FF1E76A6BA002233E8 /* Part5ViewController.m in Sources */ = {isa = PBXBuildFile; fileRef = BFED97FE1E76A6BA002233E8 /* Part5ViewController.m */; };
		BFED98021E76A6C6002233E8 /* Part6ViewController.m in Sources */ = {isa = PBXBuildFile; fileRef = BFED98011E76A6C6002233E8 /* Part6ViewController.m */; };
		BFED98051E76A6D3002233E8 /* Part7ViewController.m in Sources */ = {isa = PBXBuildFile; fileRef = BFED98041E76A6D3002233E8 /* Part7ViewController.m */; };
/* End PBXBuildFile section */

/* Begin PBXFileReference section */
		083D84EC1E87C2AD00F87141 /* p131.jpg */ = {isa = PBXFileReference; lastKnownFileType = image.jpeg; path = p131.jpg; sourceTree = "<group>"; };
		083D84ED1E87C2AD00F87141 /* p1310.jpg */ = {isa = PBXFileReference; lastKnownFileType = image.jpeg; path = p1310.jpg; sourceTree = "<group>"; };
		083D84EE1E87C2AD00F87141 /* p132.jpg */ = {isa = PBXFileReference; lastKnownFileType = image.jpeg; path = p132.jpg; sourceTree = "<group>"; };
		083D84EF1E87C2AD00F87141 /* p133.jpg */ = {isa = PBXFileReference; lastKnownFileType = image.jpeg; path = p133.jpg; sourceTree = "<group>"; };
		083D84F01E87C2AD00F87141 /* p134.jpg */ = {isa = PBXFileReference; lastKnownFileType = image.jpeg; path = p134.jpg; sourceTree = "<group>"; };
		083D84F11E87C2AD00F87141 /* p135.jpg */ = {isa = PBXFileReference; lastKnownFileType = image.jpeg; path = p135.jpg; sourceTree = "<group>"; };
		083D84F21E87C2AD00F87141 /* p136.jpg */ = {isa = PBXFileReference; lastKnownFileType = image.jpeg; path = p136.jpg; sourceTree = "<group>"; };
		083D84F31E87C2AD00F87141 /* p137.jpg */ = {isa = PBXFileReference; lastKnownFileType = image.jpeg; path = p137.jpg; sourceTree = "<group>"; };
		083D84F41E87C2AD00F87141 /* p138.jpg */ = {isa = PBXFileReference; lastKnownFileType = image.jpeg; path = p138.jpg; sourceTree = "<group>"; };
		083D84F51E87C2AD00F87141 /* p139.jpg */ = {isa = PBXFileReference; lastKnownFileType = image.jpeg; path = p139.jpg; sourceTree = "<group>"; };
		083D84F71E87C2AD00F87141 /* p141.jpg */ = {isa = PBXFileReference; lastKnownFileType = image.jpeg; path = p141.jpg; sourceTree = "<group>"; };
		083D84F81E87C2AD00F87141 /* p1410.jpg */ = {isa = PBXFileReference; lastKnownFileType = image.jpeg; path = p1410.jpg; sourceTree = "<group>"; };
		083D84F91E87C2AD00F87141 /* p142.jpg */ = {isa = PBXFileReference; lastKnownFileType = image.jpeg; path = p142.jpg; sourceTree = "<group>"; };
		083D84FA1E87C2AD00F87141 /* p143.jpg */ = {isa = PBXFileReference; lastKnownFileType = image.jpeg; path = p143.jpg; sourceTree = "<group>"; };
		083D84FB1E87C2AD00F87141 /* p144.jpg */ = {isa = PBXFileReference; lastKnownFileType = image.jpeg; path = p144.jpg; sourceTree = "<group>"; };
		083D84FC1E87C2AD00F87141 /* p145.jpg */ = {isa = PBXFileReference; lastKnownFileType = image.jpeg; path = p145.jpg; sourceTree = "<group>"; };
		083D84FD1E87C2AD00F87141 /* p146.jpg */ = {isa = PBXFileReference; lastKnownFileType = image.jpeg; path = p146.jpg; sourceTree = "<group>"; };
		083D84FE1E87C2AD00F87141 /* p147.jpg */ = {isa = PBXFileReference; lastKnownFileType = image.jpeg; path = p147.jpg; sourceTree = "<group>"; };
		083D84FF1E87C2AD00F87141 /* p148.jpg */ = {isa = PBXFileReference; lastKnownFileType = image.jpeg; path = p148.jpg; sourceTree = "<group>"; };
		083D85001E87C2AD00F87141 /* p149.jpg */ = {isa = PBXFileReference; lastKnownFileType = image.jpeg; path = p149.jpg; sourceTree = "<group>"; };
		083D85021E87C2AD00F87141 /* p151.jpg */ = {isa = PBXFileReference; lastKnownFileType = image.jpeg; path = p151.jpg; sourceTree = "<group>"; };
		083D85031E87C2AD00F87141 /* p1510.jpg */ = {isa = PBXFileReference; lastKnownFileType = image.jpeg; path = p1510.jpg; sourceTree = "<group>"; };
		083D85041E87C2AD00F87141 /* p152.jpg */ = {isa = PBXFileReference; lastKnownFileType = image.jpeg; path = p152.jpg; sourceTree = "<group>"; };
		083D85051E87C2AD00F87141 /* p153.jpg */ = {isa = PBXFileReference; lastKnownFileType = image.jpeg; path = p153.jpg; sourceTree = "<group>"; };
		083D85061E87C2AD00F87141 /* p154.jpg */ = {isa = PBXFileReference; lastKnownFileType = image.jpeg; path = p154.jpg; sourceTree = "<group>"; };
		083D85071E87C2AD00F87141 /* p155.jpg */ = {isa = PBXFileReference; lastKnownFileType = image.jpeg; path = p155.jpg; sourceTree = "<group>"; };
		083D85081E87C2AD00F87141 /* p156.jpg */ = {isa = PBXFileReference; lastKnownFileType = image.jpeg; path = p156.jpg; sourceTree = "<group>"; };
		083D85091E87C2AD00F87141 /* p157.jpg */ = {isa = PBXFileReference; lastKnownFileType = image.jpeg; path = p157.jpg; sourceTree = "<group>"; };
		083D850A1E87C2AD00F87141 /* p158.jpg */ = {isa = PBXFileReference; lastKnownFileType = image.jpeg; path = p158.jpg; sourceTree = "<group>"; };
		083D850B1E87C2AD00F87141 /* p159.jpg */ = {isa = PBXFileReference; lastKnownFileType = image.jpeg; path = p159.jpg; sourceTree = "<group>"; };
		083D850D1E87C2AD00F87141 /* p161.jpg */ = {isa = PBXFileReference; lastKnownFileType = image.jpeg; path = p161.jpg; sourceTree = "<group>"; };
		083D850E1E87C2AD00F87141 /* p1610.jpg */ = {isa = PBXFileReference; lastKnownFileType = image.jpeg; path = p1610.jpg; sourceTree = "<group>"; };
		083D850F1E87C2AD00F87141 /* p162.jpg */ = {isa = PBXFileReference; lastKnownFileType = image.jpeg; path = p162.jpg; sourceTree = "<group>"; };
		083D85101E87C2AD00F87141 /* p163.jpg */ = {isa = PBXFileReference; lastKnownFileType = image.jpeg; path = p163.jpg; sourceTree = "<group>"; };
		083D85111E87C2AD00F87141 /* p164.jpg */ = {isa = PBXFileReference; lastKnownFileType = image.jpeg; path = p164.jpg; sourceTree = "<group>"; };
		083D85121E87C2AD00F87141 /* p165.jpg */ = {isa = PBXFileReference; lastKnownFileType = image.jpeg; path = p165.jpg; sourceTree = "<group>"; };
		083D85131E87C2AD00F87141 /* p166.jpg */ = {isa = PBXFileReference; lastKnownFileType = image.jpeg; path = p166.jpg; sourceTree = "<group>"; };
		083D85141E87C2AD00F87141 /* p167.jpg */ = {isa = PBXFileReference; lastKnownFileType = image.jpeg; path = p167.jpg; sourceTree = "<group>"; };
		083D85151E87C2AD00F87141 /* p168.jpg */ = {isa = PBXFileReference; lastKnownFileType = image.jpeg; path = p168.jpg; sourceTree = "<group>"; };
		083D85161E87C2AD00F87141 /* p169.jpg */ = {isa = PBXFileReference; lastKnownFileType = image.jpeg; path = p169.jpg; sourceTree = "<group>"; };
		083D85181E87C2AD00F87141 /* p171.jpg */ = {isa = PBXFileReference; lastKnownFileType = image.jpeg; path = p171.jpg; sourceTree = "<group>"; };
		083D85191E87C2AD00F87141 /* p1710.jpg */ = {isa = PBXFileReference; lastKnownFileType = image.jpeg; path = p1710.jpg; sourceTree = "<group>"; };
		083D851A1E87C2AD00F87141 /* p172.jpg */ = {isa = PBXFileReference; lastKnownFileType = image.jpeg; path = p172.jpg; sourceTree = "<group>"; };
		083D851B1E87C2AD00F87141 /* p173.jpg */ = {isa = PBXFileReference; lastKnownFileType = image.jpeg; path = p173.jpg; sourceTree = "<group>"; };
		083D851C1E87C2AD00F87141 /* p174.jpg */ = {isa = PBXFileReference; lastKnownFileType = image.jpeg; path = p174.jpg; sourceTree = "<group>"; };
		083D851D1E87C2AD00F87141 /* p175.jpg */ = {isa = PBXFileReference; lastKnownFileType = image.jpeg; path = p175.jpg; sourceTree = "<group>"; };
		083D851E1E87C2AD00F87141 /* p176.jpg */ = {isa = PBXFileReference; lastKnownFileType = image.jpeg; path = p176.jpg; sourceTree = "<group>"; };
		083D851F1E87C2AD00F87141 /* p177.jpg */ = {isa = PBXFileReference; lastKnownFileType = image.jpeg; path = p177.jpg; sourceTree = "<group>"; };
		083D85201E87C2AD00F87141 /* p178.jpg */ = {isa = PBXFileReference; lastKnownFileType = image.jpeg; path = p178.jpg; sourceTree = "<group>"; };
		083D85211E87C2AD00F87141 /* p179.jpg */ = {isa = PBXFileReference; lastKnownFileType = image.jpeg; path = p179.jpg; sourceTree = "<group>"; };
		083D85231E87C2AD00F87141 /* p181.jpg */ = {isa = PBXFileReference; lastKnownFileType = image.jpeg; path = p181.jpg; sourceTree = "<group>"; };
		083D85241E87C2AD00F87141 /* p1810.jpg */ = {isa = PBXFileReference; lastKnownFileType = image.jpeg; path = p1810.jpg; sourceTree = "<group>"; };
		083D85251E87C2AD00F87141 /* p182.jpg */ = {isa = PBXFileReference; lastKnownFileType = image.jpeg; path = p182.jpg; sourceTree = "<group>"; };
		083D85261E87C2AD00F87141 /* p183.jpg */ = {isa = PBXFileReference; lastKnownFileType = image.jpeg; path = p183.jpg; sourceTree = "<group>"; };
		083D85271E87C2AD00F87141 /* p184.jpg */ = {isa = PBXFileReference; lastKnownFileType = image.jpeg; path = p184.jpg; sourceTree = "<group>"; };
		083D85281E87C2AD00F87141 /* p185.jpg */ = {isa = PBXFileReference; lastKnownFileType = image.jpeg; path = p185.jpg; sourceTree = "<group>"; };
		083D85291E87C2AD00F87141 /* p186.jpg */ = {isa = PBXFileReference; lastKnownFileType = image.jpeg; path = p186.jpg; sourceTree = "<group>"; };
		083D852A1E87C2AD00F87141 /* p187.jpg */ = {isa = PBXFileReference; lastKnownFileType = image.jpeg; path = p187.jpg; sourceTree = "<group>"; };
		083D852B1E87C2AD00F87141 /* p188.jpg */ = {isa = PBXFileReference; lastKnownFileType = image.jpeg; path = p188.jpg; sourceTree = "<group>"; };
		083D852C1E87C2AD00F87141 /* p189.jpg */ = {isa = PBXFileReference; lastKnownFileType = image.jpeg; path = p189.jpg; sourceTree = "<group>"; };
		083D852E1E87C2AD00F87141 /* p191.jpg */ = {isa = PBXFileReference; lastKnownFileType = image.jpeg; path = p191.jpg; sourceTree = "<group>"; };
		083D852F1E87C2AD00F87141 /* p1910.jpg */ = {isa = PBXFileReference; lastKnownFileType = image.jpeg; path = p1910.jpg; sourceTree = "<group>"; };
		083D85301E87C2AD00F87141 /* p192.jpg */ = {isa = PBXFileReference; lastKnownFileType = image.jpeg; path = p192.jpg; sourceTree = "<group>"; };
		083D85311E87C2AD00F87141 /* p193.jpg */ = {isa = PBXFileReference; lastKnownFileType = image.jpeg; path = p193.jpg; sourceTree = "<group>"; };
		083D85321E87C2AD00F87141 /* p194.jpg */ = {isa = PBXFileReference; lastKnownFileType = image.jpeg; path = p194.jpg; sourceTree = "<group>"; };
		083D85331E87C2AD00F87141 /* p195.jpg */ = {isa = PBXFileReference; lastKnownFileType = image.jpeg; path = p195.jpg; sourceTree = "<group>"; };
		083D85341E87C2AD00F87141 /* p196.jpg */ = {isa = PBXFileReference; lastKnownFileType = image.jpeg; path = p196.jpg; sourceTree = "<group>"; };
		083D85351E87C2AD00F87141 /* p197.jpg */ = {isa = PBXFileReference; lastKnownFileType = image.jpeg; path = p197.jpg; sourceTree = "<group>"; };
		083D85361E87C2AD00F87141 /* p198.jpg */ = {isa = PBXFileReference; lastKnownFileType = image.jpeg; path = p198.jpg; sourceTree = "<group>"; };
		083D85371E87C2AD00F87141 /* p199.jpg */ = {isa = PBXFileReference; lastKnownFileType = image.jpeg; path = p199.jpg; sourceTree = "<group>"; };
		083D85391E87C2AE00F87141 /* p1101.jpg */ = {isa = PBXFileReference; lastKnownFileType = image.jpeg; path = p1101.jpg; sourceTree = "<group>"; };
		083D853A1E87C2AE00F87141 /* p11010.jpg */ = {isa = PBXFileReference; lastKnownFileType = image.jpeg; path = p11010.jpg; sourceTree = "<group>"; };
		083D853B1E87C2AE00F87141 /* p1102.jpg */ = {isa = PBXFileReference; lastKnownFileType = image.jpeg; path = p1102.jpg; sourceTree = "<group>"; };
		083D853C1E87C2AE00F87141 /* p1103.jpg */ = {isa = PBXFileReference; lastKnownFileType = image.jpeg; path = p1103.jpg; sourceTree = "<group>"; };
		083D853D1E87C2AE00F87141 /* p1104.jpg */ = {isa = PBXFileReference; lastKnownFileType = image.jpeg; path = p1104.jpg; sourceTree = "<group>"; };
		083D853E1E87C2AE00F87141 /* p1105.jpg */ = {isa = PBXFileReference; lastKnownFileType = image.jpeg; path = p1105.jpg; sourceTree = "<group>"; };
		083D853F1E87C2AE00F87141 /* p1106.jpg */ = {isa = PBXFileReference; lastKnownFileType = image.jpeg; path = p1106.jpg; sourceTree = "<group>"; };
		083D85401E87C2AE00F87141 /* p1107.jpg */ = {isa = PBXFileReference; lastKnownFileType = image.jpeg; path = p1107.jpg; sourceTree = "<group>"; };
		083D85411E87C2AE00F87141 /* p1108.jpg */ = {isa = PBXFileReference; lastKnownFileType = image.jpeg; path = p1108.jpg; sourceTree = "<group>"; };
		083D85421E87C2AE00F87141 /* p1109.jpg */ = {isa = PBXFileReference; lastKnownFileType = image.jpeg; path = p1109.jpg; sourceTree = "<group>"; };
		084666381E868F5900EB39E0 /* TLPart5LearningController.h */ = {isa = PBXFileReference; fileEncoding = 4; lastKnownFileType = sourcecode.c.h; path = TLPart5LearningController.h; sourceTree = "<group>"; };
		084666391E868F5900EB39E0 /* TLPart5LearningController.m */ = {isa = PBXFileReference; fileEncoding = 4; lastKnownFileType = sourcecode.c.objc; path = TLPart5LearningController.m; sourceTree = "<group>"; };
		08A4C6881E9654B3007081F8 /* icon1024x1024.png */ = {isa = PBXFileReference; lastKnownFileType = image.png; path = icon1024x1024.png; sourceTree = "<group>"; };
		08A4C68A1E966537007081F8 /* script1.rtf */ = {isa = PBXFileReference; fileEncoding = 4; lastKnownFileType = text.rtf; path = script1.rtf; sourceTree = "<group>"; };
		08A4C68C1E966603007081F8 /* script2.rtf */ = {isa = PBXFileReference; fileEncoding = 4; lastKnownFileType = text.rtf; path = script2.rtf; sourceTree = "<group>"; };
		08A4C68E1E96665F007081F8 /* script3.rtf */ = {isa = PBXFileReference; fileEncoding = 4; lastKnownFileType = text.rtf; path = script3.rtf; sourceTree = "<group>"; };
		08A4C68F1E96665F007081F8 /* script4.rtf */ = {isa = PBXFileReference; fileEncoding = 4; lastKnownFileType = text.rtf; path = script4.rtf; sourceTree = "<group>"; };
		08A4C6921E969252007081F8 /* TLPart7LearningController.h */ = {isa = PBXFileReference; fileEncoding = 4; lastKnownFileType = sourcecode.c.h; path = TLPart7LearningController.h; sourceTree = "<group>"; };
		08A4C6931E969252007081F8 /* TLPart7LearningController.m */ = {isa = PBXFileReference; fileEncoding = 4; lastKnownFileType = sourcecode.c.objc; path = TLPart7LearningController.m; sourceTree = "<group>"; };
		BF3339541E837F6B00443437 /* TLPart2LearningController.h */ = {isa = PBXFileReference; fileEncoding = 4; lastKnownFileType = sourcecode.c.h; path = TLPart2LearningController.h; sourceTree = "<group>"; };
		BF3339551E837F6B00443437 /* TLPart2LearningController.m */ = {isa = PBXFileReference; fileEncoding = 4; lastKnownFileType = sourcecode.c.objc; path = TLPart2LearningController.m; sourceTree = "<group>"; };
		BF3339571E83872E00443437 /* part2.png */ = {isa = PBXFileReference; lastKnownFileType = image.png; path = part2.png; sourceTree = "<group>"; };
		BF3339581E83872E00443437 /* part3.png */ = {isa = PBXFileReference; lastKnownFileType = image.png; path = part3.png; sourceTree = "<group>"; };
		BF3339591E83872E00443437 /* part4.png */ = {isa = PBXFileReference; lastKnownFileType = image.png; path = part4.png; sourceTree = "<group>"; };
		BF33395A1E83872E00443437 /* part5.png */ = {isa = PBXFileReference; lastKnownFileType = image.png; path = part5.png; sourceTree = "<group>"; };
		BF33395B1E83872E00443437 /* part6.png */ = {isa = PBXFileReference; lastKnownFileType = image.png; path = part6.png; sourceTree = "<group>"; };
		BF33395C1E83872E00443437 /* part7.png */ = {isa = PBXFileReference; lastKnownFileType = image.png; path = part7.png; sourceTree = "<group>"; };
		BF3339631E838C8B00443437 /* TLQnRViewController.h */ = {isa = PBXFileReference; fileEncoding = 4; lastKnownFileType = sourcecode.c.h; path = TLQnRViewController.h; sourceTree = "<group>"; };
		BF3339641E838C8B00443437 /* TLQnRViewController.m */ = {isa = PBXFileReference; fileEncoding = 4; lastKnownFileType = sourcecode.c.objc; path = TLQnRViewController.m; sourceTree = "<group>"; };
		BF3339661E838CAD00443437 /* TLQnRViewController.xib */ = {isa = PBXFileReference; fileEncoding = 4; lastKnownFileType = file.xib; path = TLQnRViewController.xib; sourceTree = "<group>"; };
		BF3B04C51E7C0AAB0021F76B /* LaunchScreen.storyboard */ = {isa = PBXFileReference; fileEncoding = 4; lastKnownFileType = file.storyboard; path = LaunchScreen.storyboard; sourceTree = "<group>"; };
		BF5C771E1E83A9F700499CD5 /* UICommonDefines.h */ = {isa = PBXFileReference; lastKnownFileType = sourcecode.c.h; path = UICommonDefines.h; sourceTree = "<group>"; };
		BF5C771F1E83AA4800499CD5 /* TLBaseViewController.h */ = {isa = PBXFileReference; fileEncoding = 4; lastKnownFileType = sourcecode.c.h; path = TLBaseViewController.h; sourceTree = "<group>"; };
		BF5C77201E83AA4800499CD5 /* TLBaseViewController.m */ = {isa = PBXFileReference; fileEncoding = 4; lastKnownFileType = sourcecode.c.objc; path = TLBaseViewController.m; sourceTree = "<group>"; };
		BF5C77391E83BF9F00499CD5 /* FCAlertView.h */ = {isa = PBXFileReference; fileEncoding = 4; lastKnownFileType = sourcecode.c.h; path = FCAlertView.h; sourceTree = "<group>"; };
		BF5C773A1E83BF9F00499CD5 /* FCAlertView.m */ = {isa = PBXFileReference; fileEncoding = 4; lastKnownFileType = sourcecode.c.objc; path = FCAlertView.m; sourceTree = "<group>"; };
		BF5C773C1E83C17F00499CD5 /* checkmark-round.png */ = {isa = PBXFileReference; lastKnownFileType = image.png; path = "checkmark-round.png"; sourceTree = "<group>"; };
		BF5C773D1E83C17F00499CD5 /* close-round.png */ = {isa = PBXFileReference; lastKnownFileType = image.png; path = "close-round.png"; sourceTree = "<group>"; };
		BF5C77401E83C20300499CD5 /* alert-round.png */ = {isa = PBXFileReference; lastKnownFileType = image.png; path = "alert-round.png"; sourceTree = "<group>"; };
		BF5C77411E83C20300499CD5 /* heart.png */ = {isa = PBXFileReference; lastKnownFileType = image.png; path = heart.png; sourceTree = "<group>"; };
		BF5C77421E83C20300499CD5 /* star.png */ = {isa = PBXFileReference; lastKnownFileType = image.png; path = star.png; sourceTree = "<group>"; };
		BF6BAAF31E7AAD0400ED0B7B /* PlayerBarButton.h */ = {isa = PBXFileReference; fileEncoding = 4; lastKnownFileType = sourcecode.c.h; path = PlayerBarButton.h; sourceTree = "<group>"; };
		BF6BAAF41E7AAD0400ED0B7B /* PlayerBarButton.m */ = {isa = PBXFileReference; fileEncoding = 4; lastKnownFileType = sourcecode.c.objc; path = PlayerBarButton.m; sourceTree = "<group>"; };
		BF6BAAF51E7AAD0400ED0B7B /* PlayerBarView.h */ = {isa = PBXFileReference; fileEncoding = 4; lastKnownFileType = sourcecode.c.h; path = PlayerBarView.h; sourceTree = "<group>"; };
		BF6BAAF61E7AAD0400ED0B7B /* PlayerBarView.m */ = {isa = PBXFileReference; fileEncoding = 4; lastKnownFileType = sourcecode.c.objc; path = PlayerBarView.m; sourceTree = "<group>"; };
		BF6BAAF91E7AADBC00ED0B7B /* pause.png */ = {isa = PBXFileReference; lastKnownFileType = image.png; path = pause.png; sourceTree = "<group>"; };
		BF6BAAFA1E7AADBC00ED0B7B /* play.png */ = {isa = PBXFileReference; lastKnownFileType = image.png; path = play.png; sourceTree = "<group>"; };
		BF6BAAFD1E7AB0CA00ED0B7B /* script.png */ = {isa = PBXFileReference; lastKnownFileType = image.png; path = script.png; sourceTree = "<group>"; };
		BF6BAAFF1E7AB1FE00ED0B7B /* Reachability.h */ = {isa = PBXFileReference; fileEncoding = 4; lastKnownFileType = sourcecode.c.h; path = Reachability.h; sourceTree = "<group>"; };
		BF6BAB001E7AB1FE00ED0B7B /* Reachability.m */ = {isa = PBXFileReference; fileEncoding = 4; lastKnownFileType = sourcecode.c.objc; path = Reachability.m; sourceTree = "<group>"; };
		BF6F84AA1E78DC9A00498E81 /* TLPhotoViewController.xib */ = {isa = PBXFileReference; fileEncoding = 4; lastKnownFileType = file.xib; path = TLPhotoViewController.xib; sourceTree = "<group>"; };
		BF6F84AC1E78DCA900498E81 /* TLPhotoViewController.h */ = {isa = PBXFileReference; fileEncoding = 4; lastKnownFileType = sourcecode.c.h; path = TLPhotoViewController.h; sourceTree = "<group>"; };
		BF6F84AD1E78DCA900498E81 /* TLPhotoViewController.m */ = {isa = PBXFileReference; fileEncoding = 4; lastKnownFileType = sourcecode.c.objc; path = TLPhotoViewController.m; sourceTree = "<group>"; };
		BF6F84AF1E78DE8500498E81 /* TLPart1LearningController.h */ = {isa = PBXFileReference; fileEncoding = 4; lastKnownFileType = sourcecode.c.h; path = TLPart1LearningController.h; sourceTree = "<group>"; };
		BF6F84B01E78DE8500498E81 /* TLPart1LearningController.m */ = {isa = PBXFileReference; fileEncoding = 4; lastKnownFileType = sourcecode.c.objc; path = TLPart1LearningController.m; sourceTree = "<group>"; };
		BF6F84B51E78EB1300498E81 /* part1.png */ = {isa = PBXFileReference; lastKnownFileType = image.png; path = part1.png; sourceTree = "<group>"; };
		BF6F84CB1E79281E00498E81 /* p111.jpg */ = {isa = PBXFileReference; lastKnownFileType = image.jpeg; path = p111.jpg; sourceTree = "<group>"; };
		BF6F84CC1E79281E00498E81 /* p1110.jpg */ = {isa = PBXFileReference; lastKnownFileType = image.jpeg; path = p1110.jpg; sourceTree = "<group>"; };
		BF6F84CD1E79281E00498E81 /* p112.jpg */ = {isa = PBXFileReference; lastKnownFileType = image.jpeg; path = p112.jpg; sourceTree = "<group>"; };
		BF6F84CE1E79281E00498E81 /* p113.jpg */ = {isa = PBXFileReference; lastKnownFileType = image.jpeg; path = p113.jpg; sourceTree = "<group>"; };
		BF6F84CF1E79281E00498E81 /* p114.jpg */ = {isa = PBXFileReference; lastKnownFileType = image.jpeg; path = p114.jpg; sourceTree = "<group>"; };
		BF6F84D01E79281E00498E81 /* p115.jpg */ = {isa = PBXFileReference; lastKnownFileType = image.jpeg; path = p115.jpg; sourceTree = "<group>"; };
		BF6F84D11E79281E00498E81 /* p116.jpg */ = {isa = PBXFileReference; lastKnownFileType = image.jpeg; path = p116.jpg; sourceTree = "<group>"; };
		BF6F84D21E79281E00498E81 /* p117.jpg */ = {isa = PBXFileReference; lastKnownFileType = image.jpeg; path = p117.jpg; sourceTree = "<group>"; };
		BF6F84D31E79281E00498E81 /* p118.jpg */ = {isa = PBXFileReference; lastKnownFileType = image.jpeg; path = p118.jpg; sourceTree = "<group>"; };
		BF6F84D41E79281E00498E81 /* p119.jpg */ = {isa = PBXFileReference; lastKnownFileType = image.jpeg; path = p119.jpg; sourceTree = "<group>"; };
		BF6F84D61E79281E00498E81 /* p121.jpg */ = {isa = PBXFileReference; lastKnownFileType = image.jpeg; path = p121.jpg; sourceTree = "<group>"; };
		BF6F84D71E79281E00498E81 /* p1210.jpg */ = {isa = PBXFileReference; lastKnownFileType = image.jpeg; path = p1210.jpg; sourceTree = "<group>"; };
		BF6F84D81E79281E00498E81 /* p122.jpg */ = {isa = PBXFileReference; lastKnownFileType = image.jpeg; path = p122.jpg; sourceTree = "<group>"; };
		BF6F84D91E79281E00498E81 /* p123.jpg */ = {isa = PBXFileReference; lastKnownFileType = image.jpeg; path = p123.jpg; sourceTree = "<group>"; };
		BF6F84DA1E79281E00498E81 /* p124.jpg */ = {isa = PBXFileReference; lastKnownFileType = image.jpeg; path = p124.jpg; sourceTree = "<group>"; };
		BF6F84DB1E79281E00498E81 /* p125.jpg */ = {isa = PBXFileReference; lastKnownFileType = image.jpeg; path = p125.jpg; sourceTree = "<group>"; };
		BF6F84DC1E79281E00498E81 /* p126.jpg */ = {isa = PBXFileReference; lastKnownFileType = image.jpeg; path = p126.jpg; sourceTree = "<group>"; };
		BF6F84DD1E79281E00498E81 /* p127.jpg */ = {isa = PBXFileReference; lastKnownFileType = image.jpeg; path = p127.jpg; sourceTree = "<group>"; };
		BF6F84DE1E79281E00498E81 /* p128.jpg */ = {isa = PBXFileReference; lastKnownFileType = image.jpeg; path = p128.jpg; sourceTree = "<group>"; };
		BF6F84DF1E79281E00498E81 /* p129.jpg */ = {isa = PBXFileReference; lastKnownFileType = image.jpeg; path = p129.jpg; sourceTree = "<group>"; };
		BF7B0E081E768A5C00A19876 /* Toeic.app */ = {isa = PBXFileReference; explicitFileType = wrapper.application; includeInIndex = 0; path = Toeic.app; sourceTree = BUILT_PRODUCTS_DIR; };
		BF7B0E0C1E768A5C00A19876 /* main.m */ = {isa = PBXFileReference; lastKnownFileType = sourcecode.c.objc; path = main.m; sourceTree = "<group>"; };
		BF7B0E0E1E768A5C00A19876 /* AppDelegate.h */ = {isa = PBXFileReference; lastKnownFileType = sourcecode.c.h; path = AppDelegate.h; sourceTree = "<group>"; };
		BF7B0E0F1E768A5C00A19876 /* AppDelegate.m */ = {isa = PBXFileReference; lastKnownFileType = sourcecode.c.objc; path = AppDelegate.m; sourceTree = "<group>"; };
		BF7B0E111E768A5C00A19876 /* ViewController.h */ = {isa = PBXFileReference; lastKnownFileType = sourcecode.c.h; path = ViewController.h; sourceTree = "<group>"; };
		BF7B0E121E768A5C00A19876 /* ViewController.m */ = {isa = PBXFileReference; lastKnownFileType = sourcecode.c.objc; path = ViewController.m; sourceTree = "<group>"; };
		BF7B0E151E768A5C00A19876 /* Base */ = {isa = PBXFileReference; lastKnownFileType = file.storyboard; name = Base; path = Base.lproj/Main.storyboard; sourceTree = "<group>"; };
		BF7B0E171E768A5C00A19876 /* Assets.xcassets */ = {isa = PBXFileReference; lastKnownFileType = folder.assetcatalog; path = Assets.xcassets; sourceTree = "<group>"; };
		BF7B0E1C1E768A5C00A19876 /* Info.plist */ = {isa = PBXFileReference; lastKnownFileType = text.plist.xml; path = Info.plist; sourceTree = "<group>"; };
		BF7B0E231E768ACA00A19876 /* Part1ViewController.h */ = {isa = PBXFileReference; fileEncoding = 4; lastKnownFileType = sourcecode.c.h; path = Part1ViewController.h; sourceTree = "<group>"; };
		BF7B0E241E768ACA00A19876 /* Part1ViewController.m */ = {isa = PBXFileReference; fileEncoding = 4; lastKnownFileType = sourcecode.c.objc; path = Part1ViewController.m; sourceTree = "<group>"; };
		BF7B0E251E768ACA00A19876 /* Part2ViewController.h */ = {isa = PBXFileReference; fileEncoding = 4; lastKnownFileType = sourcecode.c.h; path = Part2ViewController.h; sourceTree = "<group>"; };
		BF7B0E261E768ACA00A19876 /* Part2ViewController.m */ = {isa = PBXFileReference; fileEncoding = 4; lastKnownFileType = sourcecode.c.objc; path = Part2ViewController.m; sourceTree = "<group>"; };
		BF7B0E271E768ACA00A19876 /* Part3ViewController.h */ = {isa = PBXFileReference; fileEncoding = 4; lastKnownFileType = sourcecode.c.h; path = Part3ViewController.h; sourceTree = "<group>"; };
		BF7B0E281E768ACA00A19876 /* Part3ViewController.m */ = {isa = PBXFileReference; fileEncoding = 4; lastKnownFileType = sourcecode.c.objc; path = Part3ViewController.m; sourceTree = "<group>"; };
		BF7B0E291E768ACA00A19876 /* SidebarViewController.h */ = {isa = PBXFileReference; fileEncoding = 4; lastKnownFileType = sourcecode.c.h; path = SidebarViewController.h; sourceTree = "<group>"; };
		BF7B0E2A1E768ACA00A19876 /* SidebarViewController.m */ = {isa = PBXFileReference; fileEncoding = 4; lastKnownFileType = sourcecode.c.objc; path = SidebarViewController.m; sourceTree = "<group>"; };
		BF7B0E2C1E768ACA00A19876 /* SWRevealViewController.h */ = {isa = PBXFileReference; fileEncoding = 4; lastKnownFileType = sourcecode.c.h; path = SWRevealViewController.h; sourceTree = "<group>"; };
		BF7B0E2D1E768ACA00A19876 /* SWRevealViewController.m */ = {isa = PBXFileReference; fileEncoding = 4; lastKnownFileType = sourcecode.c.objc; path = SWRevealViewController.m; sourceTree = "<group>"; };
		BF7B0E2F1E768ACA00A19876 /* menu.png */ = {isa = PBXFileReference; lastKnownFileType = image.png; path = menu.png; sourceTree = "<group>"; };
		BF7B0E301E768ACA00A19876 /* menu@2x.png */ = {isa = PBXFileReference; lastKnownFileType = image.png; path = "menu@2x.png"; sourceTree = "<group>"; };
		BFC56EF51E77E8900051E14A /* TLTableViewCell.h */ = {isa = PBXFileReference; fileEncoding = 4; lastKnownFileType = sourcecode.c.h; path = TLTableViewCell.h; sourceTree = "<group>"; };
		BFC56EF61E77E8900051E14A /* TLTableViewCell.m */ = {isa = PBXFileReference; fileEncoding = 4; lastKnownFileType = sourcecode.c.objc; path = TLTableViewCell.m; sourceTree = "<group>"; };
		BFC56EF71E77E8900051E14A /* TLTableViewCell.xib */ = {isa = PBXFileReference; fileEncoding = 4; lastKnownFileType = file.xib; path = TLTableViewCell.xib; sourceTree = "<group>"; };
		BFC56F041E77E8900051E14A /* TLButton.h */ = {isa = PBXFileReference; fileEncoding = 4; lastKnownFileType = sourcecode.c.h; path = TLButton.h; sourceTree = "<group>"; };
		BFC56F051E77E8900051E14A /* TLButton.m */ = {isa = PBXFileReference; fileEncoding = 4; lastKnownFileType = sourcecode.c.objc; path = TLButton.m; sourceTree = "<group>"; };
		BFC56F1C1E77EB700051E14A /* Appirater.h */ = {isa = PBXFileReference; fileEncoding = 4; lastKnownFileType = sourcecode.c.h; path = Appirater.h; sourceTree = "<group>"; };
		BFC56F1D1E77EB700051E14A /* Appirater.m */ = {isa = PBXFileReference; fileEncoding = 4; lastKnownFileType = sourcecode.c.objc; path = Appirater.m; sourceTree = "<group>"; };
		BFC56F1E1E77EB700051E14A /* AppiraterDelegate.h */ = {isa = PBXFileReference; fileEncoding = 4; lastKnownFileType = sourcecode.c.h; path = AppiraterDelegate.h; sourceTree = "<group>"; };
		BFC56F1F1E77EB700051E14A /* AppiraterLocalizable.strings */ = {isa = PBXFileReference; fileEncoding = 4; lastKnownFileType = text.plist.strings; path = AppiraterLocalizable.strings; sourceTree = "<group>"; };
		BFC56F241E77EF6D0051E14A /* part1metadata.plist */ = {isa = PBXFileReference; fileEncoding = 4; lastKnownFileType = text.plist.xml; path = part1metadata.plist; sourceTree = "<group>"; };
		BFC56F261E77EF7E0051E14A /* part2metadata.plist */ = {isa = PBXFileReference; fileEncoding = 4; lastKnownFileType = text.plist.xml; path = part2metadata.plist; sourceTree = "<group>"; };
		BFC56F281E77EF8D0051E14A /* part3metadata.plist */ = {isa = PBXFileReference; fileEncoding = 4; lastKnownFileType = text.plist.xml; path = part3metadata.plist; sourceTree = "<group>"; };
		BFC56F2A1E77EF970051E14A /* part4metadata.plist */ = {isa = PBXFileReference; fileEncoding = 4; lastKnownFileType = text.plist.xml; path = part4metadata.plist; sourceTree = "<group>"; };
		BFC56F2C1E77EFA10051E14A /* part5metadata.plist */ = {isa = PBXFileReference; fileEncoding = 4; lastKnownFileType = text.plist.xml; path = part5metadata.plist; sourceTree = "<group>"; };
		BFC56F2E1E77F89A0051E14A /* part6metadata.plist */ = {isa = PBXFileReference; fileEncoding = 4; lastKnownFileType = text.plist.xml; path = part6metadata.plist; sourceTree = "<group>"; };
		BFC56F301E77F8A50051E14A /* part7metadata.plist */ = {isa = PBXFileReference; fileEncoding = 4; lastKnownFileType = text.plist.xml; path = part7metadata.plist; sourceTree = "<group>"; };
		BFE5C4961E85200B00F20EA6 /* TLQuestionTableViewCell.h */ = {isa = PBXFileReference; fileEncoding = 4; lastKnownFileType = sourcecode.c.h; path = TLQuestionTableViewCell.h; sourceTree = "<group>"; };
		BFE5C4971E85200B00F20EA6 /* TLQuestionTableViewCell.m */ = {isa = PBXFileReference; fileEncoding = 4; lastKnownFileType = sourcecode.c.objc; path = TLQuestionTableViewCell.m; sourceTree = "<group>"; };
		BFE5C4981E85200B00F20EA6 /* TLQuestionTableViewCell.xib */ = {isa = PBXFileReference; fileEncoding = 4; lastKnownFileType = file.xib; path = TLQuestionTableViewCell.xib; sourceTree = "<group>"; };
		BFE5C49B1E85204C00F20EA6 /* TLTableViewCellBase.h */ = {isa = PBXFileReference; fileEncoding = 4; lastKnownFileType = sourcecode.c.h; path = TLTableViewCellBase.h; sourceTree = "<group>"; };
		BFE5C49C1E85204C00F20EA6 /* TLTableViewCellBase.m */ = {isa = PBXFileReference; fileEncoding = 4; lastKnownFileType = sourcecode.c.objc; path = TLTableViewCellBase.m; sourceTree = "<group>"; };
		BFE5C49E1E852BAA00F20EA6 /* TLPart3LearningViewController.h */ = {isa = PBXFileReference; fileEncoding = 4; lastKnownFileType = sourcecode.c.h; path = TLPart3LearningViewController.h; sourceTree = "<group>"; };
		BFE5C49F1E852BAA00F20EA6 /* TLPart3LearningViewController.m */ = {isa = PBXFileReference; fileEncoding = 4; lastKnownFileType = sourcecode.c.objc; path = TLPart3LearningViewController.m; sourceTree = "<group>"; };
		BFED97FA1E76A6A8002233E8 /* Part4ViewController.h */ = {isa = PBXFileReference; fileEncoding = 4; lastKnownFileType = sourcecode.c.h; path = Part4ViewController.h; sourceTree = "<group>"; };
		BFED97FB1E76A6A8002233E8 /* Part4ViewController.m */ = {isa = PBXFileReference; fileEncoding = 4; lastKnownFileType = sourcecode.c.objc; path = Part4ViewController.m; sourceTree = "<group>"; };
		BFED97FD1E76A6BA002233E8 /* Part5ViewController.h */ = {isa = PBXFileReference; fileEncoding = 4; lastKnownFileType = sourcecode.c.h; path = Part5ViewController.h; sourceTree = "<group>"; };
		BFED97FE1E76A6BA002233E8 /* Part5ViewController.m */ = {isa = PBXFileReference; fileEncoding = 4; lastKnownFileType = sourcecode.c.objc; path = Part5ViewController.m; sourceTree = "<group>"; };
		BFED98001E76A6C6002233E8 /* Part6ViewController.h */ = {isa = PBXFileReference; fileEncoding = 4; lastKnownFileType = sourcecode.c.h; path = Part6ViewController.h; sourceTree = "<group>"; };
		BFED98011E76A6C6002233E8 /* Part6ViewController.m */ = {isa = PBXFileReference; fileEncoding = 4; lastKnownFileType = sourcecode.c.objc; path = Part6ViewController.m; sourceTree = "<group>"; };
		BFED98031E76A6D3002233E8 /* Part7ViewController.h */ = {isa = PBXFileReference; fileEncoding = 4; lastKnownFileType = sourcecode.c.h; path = Part7ViewController.h; sourceTree = "<group>"; };
		BFED98041E76A6D3002233E8 /* Part7ViewController.m */ = {isa = PBXFileReference; fileEncoding = 4; lastKnownFileType = sourcecode.c.objc; path = Part7ViewController.m; sourceTree = "<group>"; };
/* End PBXFileReference section */

/* Begin PBXFrameworksBuildPhase section */
		BF7B0E051E768A5C00A19876 /* Frameworks */ = {
			isa = PBXFrameworksBuildPhase;
			buildActionMask = 2147483647;
			files = (
			);
			runOnlyForDeploymentPostprocessing = 0;
		};
/* End PBXFrameworksBuildPhase section */

/* Begin PBXGroup section */
		083D84EB1E87C2AD00F87141 /* lesson3 */ = {
			isa = PBXGroup;
			children = (
				083D84EC1E87C2AD00F87141 /* p131.jpg */,
				083D84ED1E87C2AD00F87141 /* p1310.jpg */,
				083D84EE1E87C2AD00F87141 /* p132.jpg */,
				083D84EF1E87C2AD00F87141 /* p133.jpg */,
				083D84F01E87C2AD00F87141 /* p134.jpg */,
				083D84F11E87C2AD00F87141 /* p135.jpg */,
				083D84F21E87C2AD00F87141 /* p136.jpg */,
				083D84F31E87C2AD00F87141 /* p137.jpg */,
				083D84F41E87C2AD00F87141 /* p138.jpg */,
				083D84F51E87C2AD00F87141 /* p139.jpg */,
			);
			path = lesson3;
			sourceTree = "<group>";
		};
		083D84F61E87C2AD00F87141 /* lesson4 */ = {
			isa = PBXGroup;
			children = (
				083D84F71E87C2AD00F87141 /* p141.jpg */,
				083D84F81E87C2AD00F87141 /* p1410.jpg */,
				083D84F91E87C2AD00F87141 /* p142.jpg */,
				083D84FA1E87C2AD00F87141 /* p143.jpg */,
				083D84FB1E87C2AD00F87141 /* p144.jpg */,
				083D84FC1E87C2AD00F87141 /* p145.jpg */,
				083D84FD1E87C2AD00F87141 /* p146.jpg */,
				083D84FE1E87C2AD00F87141 /* p147.jpg */,
				083D84FF1E87C2AD00F87141 /* p148.jpg */,
				083D85001E87C2AD00F87141 /* p149.jpg */,
			);
			path = lesson4;
			sourceTree = "<group>";
		};
		083D85011E87C2AD00F87141 /* lesson5 */ = {
			isa = PBXGroup;
			children = (
				083D85021E87C2AD00F87141 /* p151.jpg */,
				083D85031E87C2AD00F87141 /* p1510.jpg */,
				083D85041E87C2AD00F87141 /* p152.jpg */,
				083D85051E87C2AD00F87141 /* p153.jpg */,
				083D85061E87C2AD00F87141 /* p154.jpg */,
				083D85071E87C2AD00F87141 /* p155.jpg */,
				083D85081E87C2AD00F87141 /* p156.jpg */,
				083D85091E87C2AD00F87141 /* p157.jpg */,
				083D850A1E87C2AD00F87141 /* p158.jpg */,
				083D850B1E87C2AD00F87141 /* p159.jpg */,
			);
			path = lesson5;
			sourceTree = "<group>";
		};
		083D850C1E87C2AD00F87141 /* lesson6 */ = {
			isa = PBXGroup;
			children = (
				083D850D1E87C2AD00F87141 /* p161.jpg */,
				083D850E1E87C2AD00F87141 /* p1610.jpg */,
				083D850F1E87C2AD00F87141 /* p162.jpg */,
				083D85101E87C2AD00F87141 /* p163.jpg */,
				083D85111E87C2AD00F87141 /* p164.jpg */,
				083D85121E87C2AD00F87141 /* p165.jpg */,
				083D85131E87C2AD00F87141 /* p166.jpg */,
				083D85141E87C2AD00F87141 /* p167.jpg */,
				083D85151E87C2AD00F87141 /* p168.jpg */,
				083D85161E87C2AD00F87141 /* p169.jpg */,
			);
			path = lesson6;
			sourceTree = "<group>";
		};
		083D85171E87C2AD00F87141 /* lesson7 */ = {
			isa = PBXGroup;
			children = (
				083D85181E87C2AD00F87141 /* p171.jpg */,
				083D85191E87C2AD00F87141 /* p1710.jpg */,
				083D851A1E87C2AD00F87141 /* p172.jpg */,
				083D851B1E87C2AD00F87141 /* p173.jpg */,
				083D851C1E87C2AD00F87141 /* p174.jpg */,
				083D851D1E87C2AD00F87141 /* p175.jpg */,
				083D851E1E87C2AD00F87141 /* p176.jpg */,
				083D851F1E87C2AD00F87141 /* p177.jpg */,
				083D85201E87C2AD00F87141 /* p178.jpg */,
				083D85211E87C2AD00F87141 /* p179.jpg */,
			);
			path = lesson7;
			sourceTree = "<group>";
		};
		083D85221E87C2AD00F87141 /* lesson8 */ = {
			isa = PBXGroup;
			children = (
				083D85231E87C2AD00F87141 /* p181.jpg */,
				083D85241E87C2AD00F87141 /* p1810.jpg */,
				083D85251E87C2AD00F87141 /* p182.jpg */,
				083D85261E87C2AD00F87141 /* p183.jpg */,
				083D85271E87C2AD00F87141 /* p184.jpg */,
				083D85281E87C2AD00F87141 /* p185.jpg */,
				083D85291E87C2AD00F87141 /* p186.jpg */,
				083D852A1E87C2AD00F87141 /* p187.jpg */,
				083D852B1E87C2AD00F87141 /* p188.jpg */,
				083D852C1E87C2AD00F87141 /* p189.jpg */,
			);
			path = lesson8;
			sourceTree = "<group>";
		};
		083D852D1E87C2AD00F87141 /* lesson9 */ = {
			isa = PBXGroup;
			children = (
				083D852E1E87C2AD00F87141 /* p191.jpg */,
				083D852F1E87C2AD00F87141 /* p1910.jpg */,
				083D85301E87C2AD00F87141 /* p192.jpg */,
				083D85311E87C2AD00F87141 /* p193.jpg */,
				083D85321E87C2AD00F87141 /* p194.jpg */,
				083D85331E87C2AD00F87141 /* p195.jpg */,
				083D85341E87C2AD00F87141 /* p196.jpg */,
				083D85351E87C2AD00F87141 /* p197.jpg */,
				083D85361E87C2AD00F87141 /* p198.jpg */,
				083D85371E87C2AD00F87141 /* p199.jpg */,
			);
			path = lesson9;
			sourceTree = "<group>";
		};
		083D85381E87C2AD00F87141 /* lesson10 */ = {
			isa = PBXGroup;
			children = (
				083D85391E87C2AE00F87141 /* p1101.jpg */,
				083D853A1E87C2AE00F87141 /* p11010.jpg */,
				083D853B1E87C2AE00F87141 /* p1102.jpg */,
				083D853C1E87C2AE00F87141 /* p1103.jpg */,
				083D853D1E87C2AE00F87141 /* p1104.jpg */,
				083D853E1E87C2AE00F87141 /* p1105.jpg */,
				083D853F1E87C2AE00F87141 /* p1106.jpg */,
				083D85401E87C2AE00F87141 /* p1107.jpg */,
				083D85411E87C2AE00F87141 /* p1108.jpg */,
				083D85421E87C2AE00F87141 /* p1109.jpg */,
			);
			path = lesson10;
			sourceTree = "<group>";
		};
		BF6BAAF21E7AAD0400ED0B7B /* player */ = {
			isa = PBXGroup;
			children = (
				BF6BAAF31E7AAD0400ED0B7B /* PlayerBarButton.h */,
				BF6BAAF41E7AAD0400ED0B7B /* PlayerBarButton.m */,
				BF6BAAF51E7AAD0400ED0B7B /* PlayerBarView.h */,
				BF6BAAF61E7AAD0400ED0B7B /* PlayerBarView.m */,
			);
			path = player;
			sourceTree = "<group>";
		};
		BF6F84CA1E79281E00498E81 /* lesson1 */ = {
			isa = PBXGroup;
			children = (
				BF6F84CB1E79281E00498E81 /* p111.jpg */,
				BF6F84CD1E79281E00498E81 /* p112.jpg */,
				BF6F84CE1E79281E00498E81 /* p113.jpg */,
				BF6F84CF1E79281E00498E81 /* p114.jpg */,
				BF6F84D01E79281E00498E81 /* p115.jpg */,
				BF6F84D11E79281E00498E81 /* p116.jpg */,
				BF6F84D21E79281E00498E81 /* p117.jpg */,
				BF6F84D31E79281E00498E81 /* p118.jpg */,
				BF6F84D41E79281E00498E81 /* p119.jpg */,
				BF6F84CC1E79281E00498E81 /* p1110.jpg */,
			);
			path = lesson1;
			sourceTree = "<group>";
		};
		BF6F84D51E79281E00498E81 /* lesson2 */ = {
			isa = PBXGroup;
			children = (
				BF6F84D61E79281E00498E81 /* p121.jpg */,
				BF6F84D81E79281E00498E81 /* p122.jpg */,
				BF6F84D91E79281E00498E81 /* p123.jpg */,
				BF6F84DA1E79281E00498E81 /* p124.jpg */,
				BF6F84DB1E79281E00498E81 /* p125.jpg */,
				BF6F84DC1E79281E00498E81 /* p126.jpg */,
				BF6F84DD1E79281E00498E81 /* p127.jpg */,
				BF6F84DE1E79281E00498E81 /* p128.jpg */,
				BF6F84DF1E79281E00498E81 /* p129.jpg */,
				BF6F84D71E79281E00498E81 /* p1210.jpg */,
			);
			path = lesson2;
			sourceTree = "<group>";
		};
		BF7B0DFF1E768A5C00A19876 = {
			isa = PBXGroup;
			children = (
				BF6BAAF21E7AAD0400ED0B7B /* player */,
				BFC56F131E77EB700051E14A /* Data */,
				BFC56F1B1E77EB700051E14A /* Setting */,
				BF7B0E221E768ACA00A19876 /* Class */,
				BF7B0E2E1E768ACA00A19876 /* Resource */,
				BF7B0E0A1E768A5C00A19876 /* Toeic */,
				BF7B0E091E768A5C00A19876 /* Products */,
			);
			sourceTree = "<group>";
		};
		BF7B0E091E768A5C00A19876 /* Products */ = {
			isa = PBXGroup;
			children = (
				BF7B0E081E768A5C00A19876 /* Toeic.app */,
			);
			name = Products;
			sourceTree = "<group>";
		};
		BF7B0E0A1E768A5C00A19876 /* Toeic */ = {
			isa = PBXGroup;
			children = (
				BF7B0E0E1E768A5C00A19876 /* AppDelegate.h */,
				BF7B0E0F1E768A5C00A19876 /* AppDelegate.m */,
				BF7B0E111E768A5C00A19876 /* ViewController.h */,
				BF7B0E121E768A5C00A19876 /* ViewController.m */,
				BF7B0E141E768A5C00A19876 /* Main.storyboard */,
				BF3B04C51E7C0AAB0021F76B /* LaunchScreen.storyboard */,
				BF7B0E171E768A5C00A19876 /* Assets.xcassets */,
				BF7B0E1C1E768A5C00A19876 /* Info.plist */,
				BF7B0E0B1E768A5C00A19876 /* Supporting Files */,
			);
			path = Toeic;
			sourceTree = "<group>";
		};
		BF7B0E0B1E768A5C00A19876 /* Supporting Files */ = {
			isa = PBXGroup;
			children = (
				BF7B0E0C1E768A5C00A19876 /* main.m */,
			);
			name = "Supporting Files";
			sourceTree = "<group>";
		};
		BF7B0E221E768ACA00A19876 /* Class */ = {
			isa = PBXGroup;
			children = (
				BFC56EF31E77E83D0051E14A /* Cell */,
				BF5C771E1E83A9F700499CD5 /* UICommonDefines.h */,
				BF7B0E231E768ACA00A19876 /* Part1ViewController.h */,
				BF7B0E241E768ACA00A19876 /* Part1ViewController.m */,
				BF7B0E251E768ACA00A19876 /* Part2ViewController.h */,
				BF7B0E261E768ACA00A19876 /* Part2ViewController.m */,
				BF7B0E271E768ACA00A19876 /* Part3ViewController.h */,
				BF7B0E281E768ACA00A19876 /* Part3ViewController.m */,
				BFED97FA1E76A6A8002233E8 /* Part4ViewController.h */,
				BFED97FB1E76A6A8002233E8 /* Part4ViewController.m */,
				BFED97FD1E76A6BA002233E8 /* Part5ViewController.h */,
				BFED97FE1E76A6BA002233E8 /* Part5ViewController.m */,
				BFED98001E76A6C6002233E8 /* Part6ViewController.h */,
				BFED98011E76A6C6002233E8 /* Part6ViewController.m */,
				BFED98031E76A6D3002233E8 /* Part7ViewController.h */,
				BFED98041E76A6D3002233E8 /* Part7ViewController.m */,
				BF6F84AF1E78DE8500498E81 /* TLPart1LearningController.h */,
				BF6F84B01E78DE8500498E81 /* TLPart1LearningController.m */,
				BF3339541E837F6B00443437 /* TLPart2LearningController.h */,
				BF3339551E837F6B00443437 /* TLPart2LearningController.m */,
				BFE5C49E1E852BAA00F20EA6 /* TLPart3LearningViewController.h */,
				BFE5C49F1E852BAA00F20EA6 /* TLPart3LearningViewController.m */,
				084666381E868F5900EB39E0 /* TLPart5LearningController.h */,
				084666391E868F5900EB39E0 /* TLPart5LearningController.m */,
				08A4C6921E969252007081F8 /* TLPart7LearningController.h */,
				08A4C6931E969252007081F8 /* TLPart7LearningController.m */,
				BF7B0E291E768ACA00A19876 /* SidebarViewController.h */,
				BF7B0E2A1E768ACA00A19876 /* SidebarViewController.m */,
				BF7B0E2B1E768ACA00A19876 /* SWRevealViewController */,
			);
			path = Class;
			sourceTree = "<group>";
		};
		BF7B0E2B1E768ACA00A19876 /* SWRevealViewController */ = {
			isa = PBXGroup;
			children = (
				BF7B0E2C1E768ACA00A19876 /* SWRevealViewController.h */,
				BF7B0E2D1E768ACA00A19876 /* SWRevealViewController.m */,
			);
			path = SWRevealViewController;
			sourceTree = "<group>";
		};
		BF7B0E2E1E768ACA00A19876 /* Resource */ = {
			isa = PBXGroup;
			children = (
				08A4C6881E9654B3007081F8 /* icon1024x1024.png */,
				BF5C77401E83C20300499CD5 /* alert-round.png */,
				BF5C77411E83C20300499CD5 /* heart.png */,
				BF5C77421E83C20300499CD5 /* star.png */,
				BF5C773C1E83C17F00499CD5 /* checkmark-round.png */,
				BF5C773D1E83C17F00499CD5 /* close-round.png */,
				BF3339571E83872E00443437 /* part2.png */,
				BF3339581E83872E00443437 /* part3.png */,
				BF3339591E83872E00443437 /* part4.png */,
				BF33395A1E83872E00443437 /* part5.png */,
				BF33395B1E83872E00443437 /* part6.png */,
				BF33395C1E83872E00443437 /* part7.png */,
				BF6BAAFD1E7AB0CA00ED0B7B /* script.png */,
				BF6BAAF91E7AADBC00ED0B7B /* pause.png */,
				BF6BAAFA1E7AADBC00ED0B7B /* play.png */,
				BF6F84B51E78EB1300498E81 /* part1.png */,
				BF7B0E2F1E768ACA00A19876 /* menu.png */,
				BF7B0E301E768ACA00A19876 /* menu@2x.png */,
			);
			path = Resource;
			sourceTree = "<group>";
		};
		BFC56EF31E77E83D0051E14A /* Cell */ = {
			isa = PBXGroup;
			children = (
				BFC56EF41E77E8900051E14A /* lessonCell */,
				BFC56EF81E77E8900051E14A /* photo */,
				BFC56EFC1E77E8900051E14A /* qnr */,
				BFC56F001E77E8900051E14A /* question */,
				BFC56F041E77E8900051E14A /* TLButton.h */,
				BFC56F051E77E8900051E14A /* TLButton.m */,
				BFE5C49B1E85204C00F20EA6 /* TLTableViewCellBase.h */,
				BFE5C49C1E85204C00F20EA6 /* TLTableViewCellBase.m */,
				BF5C771F1E83AA4800499CD5 /* TLBaseViewController.h */,
				BF5C77201E83AA4800499CD5 /* TLBaseViewController.m */,
			);
			path = Cell;
			sourceTree = "<group>";
		};
		BFC56EF41E77E8900051E14A /* lessonCell */ = {
			isa = PBXGroup;
			children = (
				BFC56EF51E77E8900051E14A /* TLTableViewCell.h */,
				BFC56EF61E77E8900051E14A /* TLTableViewCell.m */,
				BFC56EF71E77E8900051E14A /* TLTableViewCell.xib */,
			);
			path = lessonCell;
			sourceTree = "<group>";
		};
		BFC56EF81E77E8900051E14A /* photo */ = {
			isa = PBXGroup;
			children = (
				BF6F84AA1E78DC9A00498E81 /* TLPhotoViewController.xib */,
				BF6F84AC1E78DCA900498E81 /* TLPhotoViewController.h */,
				BF6F84AD1E78DCA900498E81 /* TLPhotoViewController.m */,
			);
			path = photo;
			sourceTree = "<group>";
		};
		BFC56EFC1E77E8900051E14A /* qnr */ = {
			isa = PBXGroup;
			children = (
				BF3339661E838CAD00443437 /* TLQnRViewController.xib */,
				BF3339631E838C8B00443437 /* TLQnRViewController.h */,
				BF3339641E838C8B00443437 /* TLQnRViewController.m */,
			);
			path = qnr;
			sourceTree = "<group>";
		};
		BFC56F001E77E8900051E14A /* question */ = {
			isa = PBXGroup;
			children = (
				BFE5C4961E85200B00F20EA6 /* TLQuestionTableViewCell.h */,
				BFE5C4971E85200B00F20EA6 /* TLQuestionTableViewCell.m */,
				BFE5C4981E85200B00F20EA6 /* TLQuestionTableViewCell.xib */,
			);
			path = question;
			sourceTree = "<group>";
		};
		BFC56F131E77EB700051E14A /* Data */ = {
			isa = PBXGroup;
			children = (
				BFC56F141E77EB700051E14A /* Part1 */,
				BFC56F151E77EB700051E14A /* Part2 */,
				BFC56F161E77EB700051E14A /* Part3 */,
				BFC56F171E77EB700051E14A /* Part4 */,
				BFC56F181E77EB700051E14A /* Part5 */,
				BFC56F191E77EB700051E14A /* Part6 */,
				BFC56F1A1E77EB700051E14A /* Part7 */,
			);
			path = Data;
			sourceTree = "<group>";
		};
		BFC56F141E77EB700051E14A /* Part1 */ = {
			isa = PBXGroup;
			children = (
				BF6F84CA1E79281E00498E81 /* lesson1 */,
				BF6F84D51E79281E00498E81 /* lesson2 */,
				083D84EB1E87C2AD00F87141 /* lesson3 */,
				083D84F61E87C2AD00F87141 /* lesson4 */,
				083D85011E87C2AD00F87141 /* lesson5 */,
				083D850C1E87C2AD00F87141 /* lesson6 */,
				083D85171E87C2AD00F87141 /* lesson7 */,
				083D85221E87C2AD00F87141 /* lesson8 */,
				083D852D1E87C2AD00F87141 /* lesson9 */,
				083D85381E87C2AD00F87141 /* lesson10 */,
				BFC56F241E77EF6D0051E14A /* part1metadata.plist */,
			);
			path = Part1;
			sourceTree = "<group>";
		};
		BFC56F151E77EB700051E14A /* Part2 */ = {
			isa = PBXGroup;
			children = (
				BFC56F261E77EF7E0051E14A /* part2metadata.plist */,
			);
			path = Part2;
			sourceTree = "<group>";
		};
		BFC56F161E77EB700051E14A /* Part3 */ = {
			isa = PBXGroup;
			children = (
				BFC56F281E77EF8D0051E14A /* part3metadata.plist */,
			);
			path = Part3;
			sourceTree = "<group>";
		};
		BFC56F171E77EB700051E14A /* Part4 */ = {
			isa = PBXGroup;
			children = (
				BFC56F2A1E77EF970051E14A /* part4metadata.plist */,
			);
			path = Part4;
			sourceTree = "<group>";
		};
		BFC56F181E77EB700051E14A /* Part5 */ = {
			isa = PBXGroup;
			children = (
				BFC56F2C1E77EFA10051E14A /* part5metadata.plist */,
			);
			path = Part5;
			sourceTree = "<group>";
		};
		BFC56F191E77EB700051E14A /* Part6 */ = {
			isa = PBXGroup;
			children = (
				BFC56F2E1E77F89A0051E14A /* part6metadata.plist */,
			);
			path = Part6;
			sourceTree = "<group>";
		};
		BFC56F1A1E77EB700051E14A /* Part7 */ = {
			isa = PBXGroup;
			children = (
				08A4C68F1E96665F007081F8 /* script4.rtf */,
				08A4C68E1E96665F007081F8 /* script3.rtf */,
				08A4C68C1E966603007081F8 /* script2.rtf */,
				08A4C68A1E966537007081F8 /* script1.rtf */,
				BFC56F301E77F8A50051E14A /* part7metadata.plist */,
			);
			path = Part7;
			sourceTree = "<group>";
		};
		BFC56F1B1E77EB700051E14A /* Setting */ = {
			isa = PBXGroup;
			children = (
				BF5C77391E83BF9F00499CD5 /* FCAlertView.h */,
				BF5C773A1E83BF9F00499CD5 /* FCAlertView.m */,
				BF6BAAFF1E7AB1FE00ED0B7B /* Reachability.h */,
				BF6BAB001E7AB1FE00ED0B7B /* Reachability.m */,
				BFC56F1C1E77EB700051E14A /* Appirater.h */,
				BFC56F1D1E77EB700051E14A /* Appirater.m */,
				BFC56F1E1E77EB700051E14A /* AppiraterDelegate.h */,
				BFC56F1F1E77EB700051E14A /* AppiraterLocalizable.strings */,
			);
			path = Setting;
			sourceTree = "<group>";
		};
/* End PBXGroup section */

/* Begin PBXNativeTarget section */
		BF7B0E071E768A5C00A19876 /* Toeic */ = {
			isa = PBXNativeTarget;
			buildConfigurationList = BF7B0E1F1E768A5C00A19876 /* Build configuration list for PBXNativeTarget "Toeic" */;
			buildPhases = (
				BF7B0E041E768A5C00A19876 /* Sources */,
				BF7B0E051E768A5C00A19876 /* Frameworks */,
				BF7B0E061E768A5C00A19876 /* Resources */,
			);
			buildRules = (
			);
			dependencies = (
			);
			name = Toeic;
			productName = Toeic;
			productReference = BF7B0E081E768A5C00A19876 /* Toeic.app */;
			productType = "com.apple.product-type.application";
		};
/* End PBXNativeTarget section */

/* Begin PBXProject section */
		BF7B0E001E768A5C00A19876 /* Project object */ = {
			isa = PBXProject;
			attributes = {
				LastUpgradeCheck = 0800;
				ORGANIZATIONNAME = Olala;
				TargetAttributes = {
					BF7B0E071E768A5C00A19876 = {
						CreatedOnToolsVersion = 8.0;
						DevelopmentTeam = KREB2MXHVA;
						ProvisioningStyle = Automatic;
					};
				};
			};
			buildConfigurationList = BF7B0E031E768A5C00A19876 /* Build configuration list for PBXProject "Toeic" */;
			compatibilityVersion = "Xcode 3.2";
			developmentRegion = English;
			hasScannedForEncodings = 0;
			knownRegions = (
				en,
				Base,
			);
			mainGroup = BF7B0DFF1E768A5C00A19876;
			productRefGroup = BF7B0E091E768A5C00A19876 /* Products */;
			projectDirPath = "";
			projectRoot = "";
			targets = (
				BF7B0E071E768A5C00A19876 /* Toeic */,
			);
		};
/* End PBXProject section */

/* Begin PBXResourcesBuildPhase section */
		BF7B0E061E768A5C00A19876 /* Resources */ = {
			isa = PBXResourcesBuildPhase;
			buildActionMask = 2147483647;
			files = (
				083D855B1E87C2AE00F87141 /* p154.jpg in Resources */,
				083D85691E87C2AE00F87141 /* p168.jpg in Resources */,
				083D85641E87C2AE00F87141 /* p163.jpg in Resources */,
				BF3339671E838CAD00443437 /* TLQnRViewController.xib in Resources */,
				083D85711E87C2AE00F87141 /* p176.jpg in Resources */,
				083D85551E87C2AE00F87141 /* p148.jpg in Resources */,
				083D858B1E87C2AE00F87141 /* p1102.jpg in Resources */,
				083D85841E87C2AE00F87141 /* p195.jpg in Resources */,
				083D858D1E87C2AE00F87141 /* p1104.jpg in Resources */,
				083D854F1E87C2AE00F87141 /* p142.jpg in Resources */,
				083D85601E87C2AE00F87141 /* p159.jpg in Resources */,
				083D856B1E87C2AE00F87141 /* p171.jpg in Resources */,
				083D857F1E87C2AE00F87141 /* p191.jpg in Resources */,
				BF7B0E361E768ACA00A19876 /* menu.png in Resources */,
				BF6BAAFC1E7AADBC00ED0B7B /* play.png in Resources */,
				BF6F84F31E79281E00498E81 /* p129.jpg in Resources */,
				083D855D1E87C2AE00F87141 /* p156.jpg in Resources */,
				BF6F84EA1E79281E00498E81 /* p121.jpg in Resources */,
				083D85861E87C2AE00F87141 /* p197.jpg in Resources */,
				BF6F84E61E79281E00498E81 /* p116.jpg in Resources */,
				BF6F84F01E79281E00498E81 /* p126.jpg in Resources */,
				083D85471E87C2AE00F87141 /* p134.jpg in Resources */,
				BF7B0E371E768ACA00A19876 /* menu@2x.png in Resources */,
				BF6F84EB1E79281E00498E81 /* p1210.jpg in Resources */,
				BF6F84AB1E78DC9A00498E81 /* TLPhotoViewController.xib in Resources */,
				083D85561E87C2AE00F87141 /* p149.jpg in Resources */,
				BFC56F311E77F8A50051E14A /* part7metadata.plist in Resources */,
				BFC56F271E77EF7E0051E14A /* part2metadata.plist in Resources */,
				BF6F84F11E79281E00498E81 /* p127.jpg in Resources */,
				083D85481E87C2AE00F87141 /* p135.jpg in Resources */,
				083D858A1E87C2AE00F87141 /* p11010.jpg in Resources */,
				083D85901E87C2AE00F87141 /* p1107.jpg in Resources */,
				BF6F84E91E79281E00498E81 /* p119.jpg in Resources */,
				083D85721E87C2AE00F87141 /* p177.jpg in Resources */,
				BF6F84EE1E79281E00498E81 /* p124.jpg in Resources */,
				083D856F1E87C2AE00F87141 /* p174.jpg in Resources */,
				083D85881E87C2AE00F87141 /* p199.jpg in Resources */,
				083D856D1E87C2AE00F87141 /* p172.jpg in Resources */,
				BF6BAAFB1E7AADBC00ED0B7B /* pause.png in Resources */,
				083D85771E87C2AE00F87141 /* p182.jpg in Resources */,
				BF6F84E01E79281E00498E81 /* p111.jpg in Resources */,
				083D85701E87C2AE00F87141 /* p175.jpg in Resources */,
				083D85671E87C2AE00F87141 /* p166.jpg in Resources */,
				083D85791E87C2AE00F87141 /* p184.jpg in Resources */,
				083D854B1E87C2AE00F87141 /* p138.jpg in Resources */,
				08A4C6891E9654B3007081F8 /* icon1024x1024.png in Resources */,
				BF5C773E1E83C17F00499CD5 /* checkmark-round.png in Resources */,
				083D85911E87C2AE00F87141 /* p1108.jpg in Resources */,
				083D85751E87C2AE00F87141 /* p181.jpg in Resources */,
				083D85831E87C2AE00F87141 /* p194.jpg in Resources */,
				083D858E1E87C2AE00F87141 /* p1105.jpg in Resources */,
				08A4C68D1E966603007081F8 /* script2.rtf in Resources */,
				083D85571E87C2AE00F87141 /* p151.jpg in Resources */,
				BFC56F2D1E77EFA10051E14A /* part5metadata.plist in Resources */,
				083D856E1E87C2AE00F87141 /* p173.jpg in Resources */,
				083D85681E87C2AE00F87141 /* p167.jpg in Resources */,
				083D857B1E87C2AE00F87141 /* p186.jpg in Resources */,
				083D85731E87C2AE00F87141 /* p178.jpg in Resources */,
				083D85441E87C2AE00F87141 /* p1310.jpg in Resources */,
				BF7B0E181E768A5C00A19876 /* Assets.xcassets in Resources */,
				BF3B04C61E7C0AAB0021F76B /* LaunchScreen.storyboard in Resources */,
				083D858C1E87C2AE00F87141 /* p1103.jpg in Resources */,
				BF6F84E51E79281E00498E81 /* p115.jpg in Resources */,
				BF6F84E81E79281E00498E81 /* p118.jpg in Resources */,
				083D85811E87C2AE00F87141 /* p192.jpg in Resources */,
				083D857A1E87C2AE00F87141 /* p185.jpg in Resources */,
				083D85661E87C2AE00F87141 /* p165.jpg in Resources */,
				083D85891E87C2AE00F87141 /* p1101.jpg in Resources */,
				BF3339611E83872E00443437 /* part6.png in Resources */,
				083D85921E87C2AE00F87141 /* p1109.jpg in Resources */,
				BF3339601E83872E00443437 /* part5.png in Resources */,
				BF33395D1E83872E00443437 /* part2.png in Resources */,
				083D855E1E87C2AE00F87141 /* p157.jpg in Resources */,
				083D85501E87C2AE00F87141 /* p143.jpg in Resources */,
				083D85741E87C2AE00F87141 /* p179.jpg in Resources */,
				BF5C77451E83C20300499CD5 /* star.png in Resources */,
				083D854D1E87C2AE00F87141 /* p141.jpg in Resources */,
				BF7B0E161E768A5C00A19876 /* Main.storyboard in Resources */,
				083D857C1E87C2AE00F87141 /* p187.jpg in Resources */,
				083D856A1E87C2AE00F87141 /* p169.jpg in Resources */,
				BFC56F211E77EB700051E14A /* AppiraterLocalizable.strings in Resources */,
				083D85611E87C2AE00F87141 /* p161.jpg in Resources */,
				083D855C1E87C2AE00F87141 /* p155.jpg in Resources */,
				BF6F84ED1E79281E00498E81 /* p123.jpg in Resources */,
				08A4C68B1E966537007081F8 /* script1.rtf in Resources */,
				BF33395E1E83872E00443437 /* part3.png in Resources */,
				083D85431E87C2AE00F87141 /* p131.jpg in Resources */,
				083D854C1E87C2AE00F87141 /* p139.jpg in Resources */,
				BF6F84EF1E79281E00498E81 /* p125.jpg in Resources */,
				083D85541E87C2AE00F87141 /* p147.jpg in Resources */,
				083D85521E87C2AE00F87141 /* p145.jpg in Resources */,
				083D857E1E87C2AE00F87141 /* p189.jpg in Resources */,
				BF3339621E83872E00443437 /* part7.png in Resources */,
				BF6F84E41E79281E00498E81 /* p114.jpg in Resources */,
				BFC56F2F1E77F89A0051E14A /* part6metadata.plist in Resources */,
				BF33395F1E83872E00443437 /* part4.png in Resources */,
				083D856C1E87C2AE00F87141 /* p1710.jpg in Resources */,
				BF6F84F21E79281E00498E81 /* p128.jpg in Resources */,
				083D85871E87C2AE00F87141 /* p198.jpg in Resources */,
				BF6F84B61E78EB1300498E81 /* part1.png in Resources */,
				BFC56F091E77E8900051E14A /* TLTableViewCell.xib in Resources */,
				083D854E1E87C2AE00F87141 /* p1410.jpg in Resources */,
				BFE5C49A1E85200B00F20EA6 /* TLQuestionTableViewCell.xib in Resources */,
				083D858F1E87C2AE00F87141 /* p1106.jpg in Resources */,
				083D85801E87C2AE00F87141 /* p1910.jpg in Resources */,
				BF6F84E11E79281E00498E81 /* p1110.jpg in Resources */,
				083D85531E87C2AE00F87141 /* p146.jpg in Resources */,
				BF6F84E31E79281E00498E81 /* p113.jpg in Resources */,
				083D854A1E87C2AE00F87141 /* p137.jpg in Resources */,
				083D85511E87C2AE00F87141 /* p144.jpg in Resources */,
				083D85821E87C2AE00F87141 /* p193.jpg in Resources */,
				BF6F84E21E79281E00498E81 /* p112.jpg in Resources */,
				083D85591E87C2AE00F87141 /* p152.jpg in Resources */,
				BF6F84E71E79281E00498E81 /* p117.jpg in Resources */,
				083D85491E87C2AE00F87141 /* p136.jpg in Resources */,
				083D855A1E87C2AE00F87141 /* p153.jpg in Resources */,
				083D85631E87C2AE00F87141 /* p162.jpg in Resources */,
				BF5C77441E83C20300499CD5 /* heart.png in Resources */,
				083D85781E87C2AE00F87141 /* p183.jpg in Resources */,
				BF6F84EC1E79281E00498E81 /* p122.jpg in Resources */,
				083D857D1E87C2AE00F87141 /* p188.jpg in Resources */,
				BF6BAAFE1E7AB0CA00ED0B7B /* script.png in Resources */,
				BFC56F2B1E77EF970051E14A /* part4metadata.plist in Resources */,
				BF5C773F1E83C17F00499CD5 /* close-round.png in Resources */,
				083D85621E87C2AE00F87141 /* p1610.jpg in Resources */,
				083D85451E87C2AE00F87141 /* p132.jpg in Resources */,
				BFC56F291E77EF8D0051E14A /* part3metadata.plist in Resources */,
				083D855F1E87C2AE00F87141 /* p158.jpg in Resources */,
				083D85761E87C2AE00F87141 /* p1810.jpg in Resources */,
				08A4C6911E96665F007081F8 /* script4.rtf in Resources */,
				083D85651E87C2AE00F87141 /* p164.jpg in Resources */,
				BFC56F251E77EF6D0051E14A /* part1metadata.plist in Resources */,
				083D85581E87C2AE00F87141 /* p1510.jpg in Resources */,
				083D85851E87C2AE00F87141 /* p196.jpg in Resources */,
				08A4C6901E96665F007081F8 /* script3.rtf in Resources */,
				083D85461E87C2AE00F87141 /* p133.jpg in Resources */,
				BF5C77431E83C20300499CD5 /* alert-round.png in Resources */,
			);
			runOnlyForDeploymentPostprocessing = 0;
		};
/* End PBXResourcesBuildPhase section */

/* Begin PBXSourcesBuildPhase section */
		BF7B0E041E768A5C00A19876 /* Sources */ = {
			isa = PBXSourcesBuildPhase;
			buildActionMask = 2147483647;
			files = (
				BFE5C4A01E852BAA00F20EA6 /* TLPart3LearningViewController.m in Sources */,
				BF7B0E131E768A5C00A19876 /* ViewController.m in Sources */,
				BF7B0E101E768A5C00A19876 /* AppDelegate.m in Sources */,
				BFED98021E76A6C6002233E8 /* Part6ViewController.m in Sources */,
				BF7B0E321E768ACA00A19876 /* Part2ViewController.m in Sources */,
				BFE5C49D1E85204C00F20EA6 /* TLTableViewCellBase.m in Sources */,
				BF5C773B1E83BF9F00499CD5 /* FCAlertView.m in Sources */,
				BF7B0E351E768ACA00A19876 /* SWRevealViewController.m in Sources */,
				BF6BAAF81E7AAD0400ED0B7B /* PlayerBarView.m in Sources */,
				BF6F84AE1E78DCA900498E81 /* TLPhotoViewController.m in Sources */,
				BF7B0E341E768ACA00A19876 /* SidebarViewController.m in Sources */,
				BF3339651E838C8B00443437 /* TLQnRViewController.m in Sources */,
				BF6BAAF71E7AAD0400ED0B7B /* PlayerBarButton.m in Sources */,
				0846663A1E868F5900EB39E0 /* TLPart5LearningController.m in Sources */,
				BF6F84B11E78DE8500498E81 /* TLPart1LearningController.m in Sources */,
				BFED97FC1E76A6A8002233E8 /* Part4ViewController.m in Sources */,
				BF3339561E837F6B00443437 /* TLPart2LearningController.m in Sources */,
				BFE5C4991E85200B00F20EA6 /* TLQuestionTableViewCell.m in Sources */,
				BFC56F201E77EB700051E14A /* Appirater.m in Sources */,
				08A4C6941E969252007081F8 /* TLPart7LearningController.m in Sources */,
				BFC56F081E77E8900051E14A /* TLTableViewCell.m in Sources */,
				BF7B0E331E768ACA00A19876 /* Part3ViewController.m in Sources */,
				BFC56F101E77E8900051E14A /* TLButton.m in Sources */,
				BF7B0E0D1E768A5C00A19876 /* main.m in Sources */,
				BF6BAB011E7AB1FE00ED0B7B /* Reachability.m in Sources */,
				BF5C77211E83AA4800499CD5 /* TLBaseViewController.m in Sources */,
				BFED98051E76A6D3002233E8 /* Part7ViewController.m in Sources */,
				BF7B0E311E768ACA00A19876 /* Part1ViewController.m in Sources */,
				BFED97FF1E76A6BA002233E8 /* Part5ViewController.m in Sources */,
			);
			runOnlyForDeploymentPostprocessing = 0;
		};
/* End PBXSourcesBuildPhase section */

/* Begin PBXVariantGroup section */
		BF7B0E141E768A5C00A19876 /* Main.storyboard */ = {
			isa = PBXVariantGroup;
			children = (
				BF7B0E151E768A5C00A19876 /* Base */,
			);
			name = Main.storyboard;
			sourceTree = "<group>";
		};
/* End PBXVariantGroup section */

/* Begin XCBuildConfiguration section */
		BF7B0E1D1E768A5C00A19876 /* Debug */ = {
			isa = XCBuildConfiguration;
			buildSettings = {
				ALWAYS_SEARCH_USER_PATHS = NO;
				CLANG_ANALYZER_NONNULL = YES;
				CLANG_CXX_LANGUAGE_STANDARD = "gnu++0x";
				CLANG_CXX_LIBRARY = "libc++";
				CLANG_ENABLE_MODULES = YES;
				CLANG_ENABLE_OBJC_ARC = YES;
				CLANG_WARN_BOOL_CONVERSION = YES;
				CLANG_WARN_CONSTANT_CONVERSION = YES;
				CLANG_WARN_DIRECT_OBJC_ISA_USAGE = YES_ERROR;
				CLANG_WARN_DOCUMENTATION_COMMENTS = YES;
				CLANG_WARN_EMPTY_BODY = YES;
				CLANG_WARN_ENUM_CONVERSION = YES;
				CLANG_WARN_INFINITE_RECURSION = YES;
				CLANG_WARN_INT_CONVERSION = YES;
				CLANG_WARN_OBJC_ROOT_CLASS = YES_ERROR;
				CLANG_WARN_SUSPICIOUS_MOVES = YES;
				CLANG_WARN_UNREACHABLE_CODE = YES;
				CLANG_WARN__DUPLICATE_METHOD_MATCH = YES;
				"CODE_SIGN_IDENTITY[sdk=iphoneos*]" = "iPhone Developer";
				COPY_PHASE_STRIP = NO;
				DEBUG_INFORMATION_FORMAT = dwarf;
				ENABLE_STRICT_OBJC_MSGSEND = YES;
				ENABLE_TESTABILITY = YES;
				GCC_C_LANGUAGE_STANDARD = gnu99;
				GCC_DYNAMIC_NO_PIC = NO;
				GCC_NO_COMMON_BLOCKS = YES;
				GCC_OPTIMIZATION_LEVEL = 0;
				GCC_PREPROCESSOR_DEFINITIONS = (
					"DEBUG=1",
					"$(inherited)",
				);
				GCC_WARN_64_TO_32_BIT_CONVERSION = YES;
				GCC_WARN_ABOUT_RETURN_TYPE = YES_ERROR;
				GCC_WARN_UNDECLARED_SELECTOR = YES;
				GCC_WARN_UNINITIALIZED_AUTOS = YES_AGGRESSIVE;
				GCC_WARN_UNUSED_FUNCTION = YES;
				GCC_WARN_UNUSED_VARIABLE = YES;
				IPHONEOS_DEPLOYMENT_TARGET = 8.1;
				MTL_ENABLE_DEBUG_INFO = YES;
				ONLY_ACTIVE_ARCH = YES;
				SDKROOT = iphoneos8.1;
				TARGETED_DEVICE_FAMILY = "1,2";
			};
			name = Debug;
		};
		BF7B0E1E1E768A5C00A19876 /* Release */ = {
			isa = XCBuildConfiguration;
			buildSettings = {
				ALWAYS_SEARCH_USER_PATHS = NO;
				CLANG_ANALYZER_NONNULL = YES;
				CLANG_CXX_LANGUAGE_STANDARD = "gnu++0x";
				CLANG_CXX_LIBRARY = "libc++";
				CLANG_ENABLE_MODULES = YES;
				CLANG_ENABLE_OBJC_ARC = YES;
				CLANG_WARN_BOOL_CONVERSION = YES;
				CLANG_WARN_CONSTANT_CONVERSION = YES;
				CLANG_WARN_DIRECT_OBJC_ISA_USAGE = YES_ERROR;
				CLANG_WARN_DOCUMENTATION_COMMENTS = YES;
				CLANG_WARN_EMPTY_BODY = YES;
				CLANG_WARN_ENUM_CONVERSION = YES;
				CLANG_WARN_INFINITE_RECURSION = YES;
				CLANG_WARN_INT_CONVERSION = YES;
				CLANG_WARN_OBJC_ROOT_CLASS = YES_ERROR;
				CLANG_WARN_SUSPICIOUS_MOVES = YES;
				CLANG_WARN_UNREACHABLE_CODE = YES;
				CLANG_WARN__DUPLICATE_METHOD_MATCH = YES;
				"CODE_SIGN_IDENTITY[sdk=iphoneos*]" = "iPhone Developer";
				COPY_PHASE_STRIP = NO;
				DEBUG_INFORMATION_FORMAT = "dwarf-with-dsym";
				ENABLE_NS_ASSERTIONS = NO;
				ENABLE_STRICT_OBJC_MSGSEND = YES;
				GCC_C_LANGUAGE_STANDARD = gnu99;
				GCC_NO_COMMON_BLOCKS = YES;
				GCC_WARN_64_TO_32_BIT_CONVERSION = YES;
				GCC_WARN_ABOUT_RETURN_TYPE = YES_ERROR;
				GCC_WARN_UNDECLARED_SELECTOR = YES;
				GCC_WARN_UNINITIALIZED_AUTOS = YES_AGGRESSIVE;
				GCC_WARN_UNUSED_FUNCTION = YES;
				GCC_WARN_UNUSED_VARIABLE = YES;
				IPHONEOS_DEPLOYMENT_TARGET = 8.1;
				MTL_ENABLE_DEBUG_INFO = NO;
				SDKROOT = iphoneos8.1;
				TARGETED_DEVICE_FAMILY = "1,2";
				VALIDATE_PRODUCT = YES;
			};
			name = Release;
		};
		BF7B0E201E768A5C00A19876 /* Debug */ = {
			isa = XCBuildConfiguration;
			buildSettings = {
				ASSETCATALOG_COMPILER_APPICON_NAME = AppIcon;
				CLANG_ENABLE_MODULES = YES;
				DEVELOPMENT_TEAM = KREB2MXHVA;
				FRAMEWORK_SEARCH_PATHS = (
					"$(inherited)",
					"$(PROJECT_DIR)",
				);
				INFOPLIST_FILE = Toeic/Info.plist;
				LD_RUNPATH_SEARCH_PATHS = "$(inherited) @executable_path/Frameworks";
				PRODUCT_BUNDLE_IDENTIFIER = svmc.Toeic;
				PRODUCT_NAME = "$(TARGET_NAME)";
				SWIFT_OBJC_BRIDGING_HEADER = "Class/Toeic-Bridging-Header.h";
				SWIFT_OPTIMIZATION_LEVEL = "-Onone";
			};
			name = Debug;
		};
		BF7B0E211E768A5C00A19876 /* Release */ = {
			isa = XCBuildConfiguration;
			buildSettings = {
				ASSETCATALOG_COMPILER_APPICON_NAME = AppIcon;
				CLANG_ENABLE_MODULES = YES;
				DEVELOPMENT_TEAM = KREB2MXHVA;
				FRAMEWORK_SEARCH_PATHS = (
					"$(inherited)",
					"$(PROJECT_DIR)",
				);
				INFOPLIST_FILE = Toeic/Info.plist;
				LD_RUNPATH_SEARCH_PATHS = "$(inherited) @executable_path/Frameworks";
				PRODUCT_BUNDLE_IDENTIFIER = svmc.Toeic;
				PRODUCT_NAME = "$(TARGET_NAME)";
				SWIFT_OBJC_BRIDGING_HEADER = "Class/Toeic-Bridging-Header.h";
			};
			name = Release;
		};
/* End XCBuildConfiguration section */

/* Begin XCConfigurationList section */
		BF7B0E031E768A5C00A19876 /* Build configuration list for PBXProject "Toeic" */ = {
			isa = XCConfigurationList;
			buildConfigurations = (
				BF7B0E1D1E768A5C00A19876 /* Debug */,
				BF7B0E1E1E768A5C00A19876 /* Release */,
			);
			defaultConfigurationIsVisible = 0;
			defaultConfigurationName = Release;
		};
		BF7B0E1F1E768A5C00A19876 /* Build configuration list for PBXNativeTarget "Toeic" */ = {
			isa = XCConfigurationList;
			buildConfigurations = (
				BF7B0E201E768A5C00A19876 /* Debug */,
				BF7B0E211E768A5C00A19876 /* Release */,
			);
			defaultConfigurationIsVisible = 0;
			defaultConfigurationName = Release;
		};
/* End XCConfigurationList section */
	};
	rootObject = BF7B0E001E768A5C00A19876 /* Project object */;
}
